// !$*UTF8*$!
{
	archiveVersion = 1;
	classes = {
	};
	objectVersion = 46;
	objects = {

/* Begin PBXBuildFile section */
		361506F41594C9A7000F46D9 /* savannah.png in Resources */ = {isa = PBXBuildFile; fileRef = 361506F31594C9A7000F46D9 /* savannah.png */; };
		361506F71594C9BC000F46D9 /* tropical.png in Resources */ = {isa = PBXBuildFile; fileRef = 361506F61594C9BC000F46D9 /* tropical.png */; };
		361506FA1594C9DA000F46D9 /* arctic.png in Resources */ = {isa = PBXBuildFile; fileRef = 361506F91594C9DA000F46D9 /* arctic.png */; };
		361506FF1594CA39000F46D9 /* elephant_bottom.png in Resources */ = {isa = PBXBuildFile; fileRef = 361506FD1594CA39000F46D9 /* elephant_bottom.png */; };
		361507001594CA39000F46D9 /* elephant_top.png in Resources */ = {isa = PBXBuildFile; fileRef = 361506FE1594CA39000F46D9 /* elephant_top.png */; };
		3615070A1594CD37000F46D9 /* penguin_bottom.png in Resources */ = {isa = PBXBuildFile; fileRef = 361507081594CD37000F46D9 /* penguin_bottom.png */; };
		3615070B1594CD37000F46D9 /* penguin_top.png in Resources */ = {isa = PBXBuildFile; fileRef = 361507091594CD37000F46D9 /* penguin_top.png */; };
		361507111594CD61000F46D9 /* lion_bottom.png in Resources */ = {isa = PBXBuildFile; fileRef = 3615070F1594CD61000F46D9 /* lion_bottom.png */; };
		361507121594CD61000F46D9 /* lion_top.png in Resources */ = {isa = PBXBuildFile; fileRef = 361507101594CD61000F46D9 /* lion_top.png */; };
		364B025E159B60870054E69A /* Animal-Lion.plist in Resources */ = {isa = PBXBuildFile; fileRef = 364B025D159B60870054E69A /* Animal-Lion.plist */; };
		364B0260159B60B40054E69A /* Animal-Penguin.plist in Resources */ = {isa = PBXBuildFile; fileRef = 364B025F159B60B40054E69A /* Animal-Penguin.plist */; };
		364B0262159B60EA0054E69A /* Animal-Elephant.plist in Resources */ = {isa = PBXBuildFile; fileRef = 364B0261159B60EA0054E69A /* Animal-Elephant.plist */; };
		364B0264159B614D0054E69A /* Environment-Savannah.plist in Resources */ = {isa = PBXBuildFile; fileRef = 364B0263159B614D0054E69A /* Environment-Savannah.plist */; };
		364B0266159B61600054E69A /* Environment-Tropical.plist in Resources */ = {isa = PBXBuildFile; fileRef = 364B0265159B61600054E69A /* Environment-Tropical.plist */; };
		364B0268159B616F0054E69A /* Environment-Arctic.plist in Resources */ = {isa = PBXBuildFile; fileRef = 364B0267159B616F0054E69A /* Environment-Arctic.plist */; };
		364B046D159FD61F0054E69A /* EnvironmentLayer.m in Sources */ = {isa = PBXBuildFile; fileRef = 364B046C159FD61F0054E69A /* EnvironmentLayer.m */; };
		364B067815A2BFF70054E69A /* libLua.a in Frameworks */ = {isa = PBXBuildFile; fileRef = 364B067515A2BCF50054E69A /* libLua.a */; };
		364B067B15A2CB650054E69A /* EnvironmentRepository.m in Sources */ = {isa = PBXBuildFile; fileRef = 364B067A15A2CB650054E69A /* EnvironmentRepository.m */; };
		364B077715A50E510054E69A /* BaseRepository.m in Sources */ = {isa = PBXBuildFile; fileRef = 364B077615A50E510054E69A /* BaseRepository.m */; };
		367CDB22159A9AD2002DF18B /* libChipmunk.a in Frameworks */ = {isa = PBXBuildFile; fileRef = 367CDAAF159A9712002DF18B /* libChipmunk.a */; };
		367CDB23159A9AD2002DF18B /* libcocos2d.a in Frameworks */ = {isa = PBXBuildFile; fileRef = 367CDAB1159A9712002DF18B /* libcocos2d.a */; };
		367CDB24159A9AD2002DF18B /* libCocosDenshion.a in Frameworks */ = {isa = PBXBuildFile; fileRef = 367CDAB5159A9712002DF18B /* libCocosDenshion.a */; };
		367DFB22137798570088FD67 /* glock__c2.wav in Resources */ = {isa = PBXBuildFile; fileRef = 367DFB1F137798570088FD67 /* glock__c2.wav */; };
		367DFB23137798570088FD67 /* glock__e1.wav in Resources */ = {isa = PBXBuildFile; fileRef = 367DFB20137798570088FD67 /* glock__e1.wav */; };
		367DFB24137798570088FD67 /* glock__g1.wav in Resources */ = {isa = PBXBuildFile; fileRef = 367DFB21137798570088FD67 /* glock__g1.wav */; };
		367EC2E1133A4782003F7FF0 /* QuartzCore.framework in Frameworks */ = {isa = PBXBuildFile; fileRef = 367EC2E0133A4782003F7FF0 /* QuartzCore.framework */; };
		367EC2E3133A4782003F7FF0 /* OpenGLES.framework in Frameworks */ = {isa = PBXBuildFile; fileRef = 367EC2E2133A4782003F7FF0 /* OpenGLES.framework */; };
		367EC2E5133A4782003F7FF0 /* OpenAL.framework in Frameworks */ = {isa = PBXBuildFile; fileRef = 367EC2E4133A4782003F7FF0 /* OpenAL.framework */; };
		367EC2E7133A4782003F7FF0 /* AudioToolbox.framework in Frameworks */ = {isa = PBXBuildFile; fileRef = 367EC2E6133A4782003F7FF0 /* AudioToolbox.framework */; };
		367EC2E9133A4782003F7FF0 /* AVFoundation.framework in Frameworks */ = {isa = PBXBuildFile; fileRef = 367EC2E8133A4782003F7FF0 /* AVFoundation.framework */; };
		367EC2EB133A4782003F7FF0 /* UIKit.framework in Frameworks */ = {isa = PBXBuildFile; fileRef = 367EC2EA133A4782003F7FF0 /* UIKit.framework */; };
		367EC2ED133A4782003F7FF0 /* Foundation.framework in Frameworks */ = {isa = PBXBuildFile; fileRef = 367EC2EC133A4782003F7FF0 /* Foundation.framework */; };
		367EC2EF133A4782003F7FF0 /* CoreGraphics.framework in Frameworks */ = {isa = PBXBuildFile; fileRef = 367EC2EE133A4782003F7FF0 /* CoreGraphics.framework */; };
		367EC2F5133A4782003F7FF0 /* fps_images.png in Resources */ = {isa = PBXBuildFile; fileRef = 367EC2F4133A4782003F7FF0 /* fps_images.png */; };
		367EC2F7133A4782003F7FF0 /* Icon-72.png in Resources */ = {isa = PBXBuildFile; fileRef = 367EC2F6133A4782003F7FF0 /* Icon-72.png */; };
		367EC2F9133A4782003F7FF0 /* Icon-Small-50.png in Resources */ = {isa = PBXBuildFile; fileRef = 367EC2F8133A4782003F7FF0 /* Icon-Small-50.png */; };
		367EC2FB133A4782003F7FF0 /* Icon-Small.png in Resources */ = {isa = PBXBuildFile; fileRef = 367EC2FA133A4782003F7FF0 /* Icon-Small.png */; };
		367EC2FD133A4782003F7FF0 /* Icon-Small@2x.png in Resources */ = {isa = PBXBuildFile; fileRef = 367EC2FC133A4782003F7FF0 /* Icon-Small@2x.png */; };
		367EC2FF133A4782003F7FF0 /* Icon.png in Resources */ = {isa = PBXBuildFile; fileRef = 367EC2FE133A4782003F7FF0 /* Icon.png */; };
		367EC301133A4782003F7FF0 /* Icon@2x.png in Resources */ = {isa = PBXBuildFile; fileRef = 367EC300133A4782003F7FF0 /* Icon@2x.png */; };
		367EC304133A4782003F7FF0 /* iTunesArtwork in Resources */ = {isa = PBXBuildFile; fileRef = 367EC303133A4782003F7FF0 /* iTunesArtwork */; };
		367EC48E133A4785003F7FF0 /* main.m in Sources */ = {isa = PBXBuildFile; fileRef = 367EC48D133A4785003F7FF0 /* main.m */; };
		367EC491133A4785003F7FF0 /* AppDelegate.m in Sources */ = {isa = PBXBuildFile; fileRef = 367EC490133A4785003F7FF0 /* AppDelegate.m */; };
		367EC494133A4785003F7FF0 /* RootViewController.m in Sources */ = {isa = PBXBuildFile; fileRef = 367EC493133A4785003F7FF0 /* RootViewController.m */; };
		367EC49A133A4785003F7FF0 /* grossini_dance_atlas.png in Resources */ = {isa = PBXBuildFile; fileRef = 367EC499133A4785003F7FF0 /* grossini_dance_atlas.png */; };
		368006011375AC8C00F6603F /* barks2.wav in Resources */ = {isa = PBXBuildFile; fileRef = 368005FF1375AC8C00F6603F /* barks2.wav */; };
		368006021375AC8C00F6603F /* elephant2.wav in Resources */ = {isa = PBXBuildFile; fileRef = 368006001375AC8C00F6603F /* elephant2.wav */; };
		368006731375ADF900F6603F /* SoundManager.m in Sources */ = {isa = PBXBuildFile; fileRef = 368006721375ADF400F6603F /* SoundManager.m */; };
		368006751375B37F00F6603F /* arrow.png in Resources */ = {isa = PBXBuildFile; fileRef = 368006741375B37F00F6603F /* arrow.png */; };
		3680067A137601DD00F6603F /* Olde Timey.mp3 in Resources */ = {isa = PBXBuildFile; fileRef = 36800679137601DC00F6603F /* Olde Timey.mp3 */; };
		36A92CD2133C6D48004DFEFC /* AnimalViewLayer.m in Sources */ = {isa = PBXBuildFile; fileRef = 36A92CD1133C6D48004DFEFC /* AnimalViewLayer.m */; };
		36A92CE3133D038F004DFEFC /* AnimalPart.m in Sources */ = {isa = PBXBuildFile; fileRef = 36A92CE2133D038C004DFEFC /* AnimalPart.m */; };
		36A92CE6133E8C5B004DFEFC /* AnimalPartRepository.m in Sources */ = {isa = PBXBuildFile; fileRef = 36A92CE5133E8C55004DFEFC /* AnimalPartRepository.m */; };
		36A92CE9133ED436004DFEFC /* Animal.m in Sources */ = {isa = PBXBuildFile; fileRef = 36A92CE8133ED42F004DFEFC /* Animal.m */; };
		36A92CF4133EF753004DFEFC /* AnchorPoint.m in Sources */ = {isa = PBXBuildFile; fileRef = 36A92CF3133EF742004DFEFC /* AnchorPoint.m */; };
		36D20CFB13456A65007BE614 /* dog.png in Resources */ = {isa = PBXBuildFile; fileRef = 36D20CF513456A65007BE614 /* dog.png */; };
		36D20CFC13456A65007BE614 /* dog-back.png in Resources */ = {isa = PBXBuildFile; fileRef = 36D20CF613456A65007BE614 /* dog-back.png */; };
		36D20CFD13456A65007BE614 /* dog-front.png in Resources */ = {isa = PBXBuildFile; fileRef = 36D20CF713456A65007BE614 /* dog-front.png */; };
		36D20CFE13456A65007BE614 /* elephant-back.png in Resources */ = {isa = PBXBuildFile; fileRef = 36D20CF813456A65007BE614 /* elephant-back.png */; };
		36D20CFF13456A65007BE614 /* elephant-front.png in Resources */ = {isa = PBXBuildFile; fileRef = 36D20CF913456A65007BE614 /* elephant-front.png */; };
		36D20D0013456A65007BE614 /* elephant.png in Resources */ = {isa = PBXBuildFile; fileRef = 36D20CFA13456A65007BE614 /* elephant.png */; };
		36D20D0213456AA2007BE614 /* paper.png in Resources */ = {isa = PBXBuildFile; fileRef = 36D20D0113456AA2007BE614 /* paper.png */; };
		36D20D0413456BE4007BE614 /* ArialNarrow.ttf in Resources */ = {isa = PBXBuildFile; fileRef = 36D20D0313456BE4007BE614 /* ArialNarrow.ttf */; };
		36EDC49513838E7D00B77975 /* foot_sealion_back.png in Resources */ = {isa = PBXBuildFile; fileRef = 36EDC49213838E7D00B77975 /* foot_sealion_back.png */; };
		36EDC49613838E7D00B77975 /* foot_sealion_body.png in Resources */ = {isa = PBXBuildFile; fileRef = 36EDC49313838E7D00B77975 /* foot_sealion_body.png */; };
		36EDC49713838E7D00B77975 /* foot_sealion_front.png in Resources */ = {isa = PBXBuildFile; fileRef = 36EDC49413838E7D00B77975 /* foot_sealion_front.png */; };
		36EDC49A13838F0900B77975 /* sealion2.wav in Resources */ = {isa = PBXBuildFile; fileRef = 36EDC49913838F0900B77975 /* sealion2.wav */; };
		36F9BE91154AE6B000059C14 /* Entitlements.plist in Resources */ = {isa = PBXBuildFile; fileRef = 36F9BE90154AE6B000059C14 /* Entitlements.plist */; };
		36F9BE95154AE6DB00059C14 /* libTestFlight.a in Frameworks */ = {isa = PBXBuildFile; fileRef = 36F9BE93154AE6DB00059C14 /* libTestFlight.a */; };
/* End PBXBuildFile section */

/* Begin PBXContainerItemProxy section */
		364B067415A2BCF50054E69A /* PBXContainerItemProxy */ = {
			isa = PBXContainerItemProxy;
			containerPortal = 364B066D15A2BCF40054E69A /* Lua.xcodeproj */;
			proxyType = 2;
			remoteGlobalIDString = 364B054915A2BB070054E69A;
			remoteInfo = Lua;
		};
		364B067615A2BFED0054E69A /* PBXContainerItemProxy */ = {
			isa = PBXContainerItemProxy;
			containerPortal = 364B066D15A2BCF40054E69A /* Lua.xcodeproj */;
			proxyType = 1;
			remoteGlobalIDString = 364B054815A2BB070054E69A;
			remoteInfo = Lua;
		};
		367CDAAA159A9712002DF18B /* PBXContainerItemProxy */ = {
			isa = PBXContainerItemProxy;
			containerPortal = 367CDA3A159A970D002DF18B /* cocos2d-ios.xcodeproj */;
			proxyType = 2;
			remoteGlobalIDString = 509807081175041800EA7266;
			remoteInfo = "build all tests";
		};
		367CDAAC159A9712002DF18B /* PBXContainerItemProxy */ = {
			isa = PBXContainerItemProxy;
			containerPortal = 367CDA3A159A970D002DF18B /* cocos2d-ios.xcodeproj */;
			proxyType = 2;
			remoteGlobalIDString = 504225700FC0B39C00B992F7;
			remoteInfo = box2d;
		};
		367CDAAE159A9712002DF18B /* PBXContainerItemProxy */ = {
			isa = PBXContainerItemProxy;
			containerPortal = 367CDA3A159A970D002DF18B /* cocos2d-ios.xcodeproj */;
			proxyType = 2;
			remoteGlobalIDString = 50B2C4D10E100AEA00AE9530;
			remoteInfo = Chipmunk;
		};
		367CDAB0159A9712002DF18B /* PBXContainerItemProxy */ = {
			isa = PBXContainerItemProxy;
			containerPortal = 367CDA3A159A970D002DF18B /* cocos2d-ios.xcodeproj */;
			proxyType = 2;
			remoteGlobalIDString = 5018F24D0DFDEAC400C013A5;
			remoteInfo = cocos2d;
		};
		367CDAB2159A9712002DF18B /* PBXContainerItemProxy */ = {
			isa = PBXContainerItemProxy;
			containerPortal = 367CDA3A159A970D002DF18B /* cocos2d-ios.xcodeproj */;
			proxyType = 2;
			remoteGlobalIDString = 502C65EE0DFEF3DD00E4107D;
			remoteInfo = "cocos2d-documentation";
		};
		367CDAB4159A9712002DF18B /* PBXContainerItemProxy */ = {
			isa = PBXContainerItemProxy;
			containerPortal = 367CDA3A159A970D002DF18B /* cocos2d-ios.xcodeproj */;
			proxyType = 2;
			remoteGlobalIDString = 50CB2FCA1004C8B100B7A750;
			remoteInfo = CocosDenshion;
		};
		367CDAB6159A9712002DF18B /* PBXContainerItemProxy */ = {
			isa = PBXContainerItemProxy;
			containerPortal = 367CDA3A159A970D002DF18B /* cocos2d-ios.xcodeproj */;
			proxyType = 2;
			remoteGlobalIDString = A04A1FEB13B826B300ABAFB7;
			remoteInfo = kazmath;
		};
		367CDAB8159A9712002DF18B /* PBXContainerItemProxy */ = {
			isa = PBXContainerItemProxy;
			containerPortal = 367CDA3A159A970D002DF18B /* cocos2d-ios.xcodeproj */;
			proxyType = 2;
			remoteGlobalIDString = 503164CD10277665003ACFE7;
			remoteInfo = libpng;
		};
		367CDABA159A9712002DF18B /* PBXContainerItemProxy */ = {
			isa = PBXContainerItemProxy;
			containerPortal = 367CDA3A159A970D002DF18B /* cocos2d-ios.xcodeproj */;
			proxyType = 2;
			remoteGlobalIDString = 504CC32F1035BDE90096894C;
			remoteInfo = ActionManagerTest;
		};
		367CDABC159A9712002DF18B /* PBXContainerItemProxy */ = {
			isa = PBXContainerItemProxy;
			containerPortal = 367CDA3A159A970D002DF18B /* cocos2d-ios.xcodeproj */;
			proxyType = 2;
			remoteGlobalIDString = 50C93AAD0E0BF6E000517B01;
			remoteInfo = ActionsTest;
		};
		367CDABE159A9712002DF18B /* PBXContainerItemProxy */ = {
			isa = PBXContainerItemProxy;
			containerPortal = 367CDA3A159A970D002DF18B /* cocos2d-ios.xcodeproj */;
			proxyType = 2;
			remoteGlobalIDString = 05CA7B0410ED674700F12774;
			remoteInfo = ActionsWithBlocksSample;
		};
		367CDAC0159A9712002DF18B /* PBXContainerItemProxy */ = {
			isa = PBXContainerItemProxy;
			containerPortal = 367CDA3A159A970D002DF18B /* cocos2d-ios.xcodeproj */;
			proxyType = 2;
			remoteGlobalIDString = 504828800F45AED700A30CEF;
			remoteInfo = AttachTest;
		};
		367CDAC2159A9712002DF18B /* PBXContainerItemProxy */ = {
			isa = PBXContainerItemProxy;
			containerPortal = 367CDA3A159A970D002DF18B /* cocos2d-ios.xcodeproj */;
			proxyType = 2;
			remoteGlobalIDString = 5042262E0FC0B5D500B992F7;
			remoteInfo = Box2dAccelTouchTest;
		};
		367CDAC4159A9712002DF18B /* PBXContainerItemProxy */ = {
			isa = PBXContainerItemProxy;
			containerPortal = 367CDA3A159A970D002DF18B /* cocos2d-ios.xcodeproj */;
			proxyType = 2;
			remoteGlobalIDString = 50010ED2103B3DB80059EC2E;
			remoteInfo = Box2dTestBed;
		};
		367CDAC6159A9712002DF18B /* PBXContainerItemProxy */ = {
			isa = PBXContainerItemProxy;
			containerPortal = 367CDA3A159A970D002DF18B /* cocos2d-ios.xcodeproj */;
			proxyType = 2;
			remoteGlobalIDString = 50B2C5E80E100EF000AE9530;
			remoteInfo = ChipmunkAccelTouchTest;
		};
		367CDAC8159A9712002DF18B /* PBXContainerItemProxy */ = {
			isa = PBXContainerItemProxy;
			containerPortal = 367CDA3A159A970D002DF18B /* cocos2d-ios.xcodeproj */;
			proxyType = 2;
			remoteGlobalIDString = 506C77E20E01520900B48100;
			remoteInfo = ClickAndMoveTest;
		};
		367CDACA159A9712002DF18B /* PBXContainerItemProxy */ = {
			isa = PBXContainerItemProxy;
			containerPortal = 367CDA3A159A970D002DF18B /* cocos2d-ios.xcodeproj */;
			proxyType = 2;
			remoteGlobalIDString = 505224F911B3D4700061670F;
			remoteInfo = "CocosDenshion - Tom The Turret";
		};
		367CDACC159A9712002DF18B /* PBXContainerItemProxy */ = {
			isa = PBXContainerItemProxy;
			containerPortal = 367CDA3A159A970D002DF18B /* cocos2d-ios.xcodeproj */;
			proxyType = 2;
			remoteGlobalIDString = 505228BA11B3DBB90061670F;
			remoteInfo = "CocosDenshion - Drum Pad";
		};
		367CDACE159A9712002DF18B /* PBXContainerItemProxy */ = {
			isa = PBXContainerItemProxy;
			containerPortal = 367CDA3A159A970D002DF18B /* cocos2d-ios.xcodeproj */;
			proxyType = 2;
			remoteGlobalIDString = 5052293C11B3DCD80061670F;
			remoteInfo = "CocosDenshion - Fade To Grey";
		};
		367CDAD0159A9712002DF18B /* PBXContainerItemProxy */ = {
			isa = PBXContainerItemProxy;
			containerPortal = 367CDA3A159A970D002DF18B /* cocos2d-ios.xcodeproj */;
			proxyType = 2;
			remoteGlobalIDString = 5052296E11B3DCE90061670F;
			remoteInfo = "CocosDenshion - FancyRat Metering";
		};
		367CDAD2159A9712002DF18B /* PBXContainerItemProxy */ = {
			isa = PBXContainerItemProxy;
			containerPortal = 367CDA3A159A970D002DF18B /* cocos2d-ios.xcodeproj */;
			proxyType = 2;
			remoteGlobalIDString = A01AB91A149709E300C93DB6;
			remoteInfo = DirectorTest;
		};
		367CDAD4159A9712002DF18B /* PBXContainerItemProxy */ = {
			isa = PBXContainerItemProxy;
			containerPortal = 367CDA3A159A970D002DF18B /* cocos2d-ios.xcodeproj */;
			proxyType = 2;
			remoteGlobalIDString = 501945740F964C620059CE7C;
			remoteInfo = drawPrimitivesTest;
		};
		367CDAD6159A9712002DF18B /* PBXContainerItemProxy */ = {
			isa = PBXContainerItemProxy;
			containerPortal = 367CDA3A159A970D002DF18B /* cocos2d-ios.xcodeproj */;
			proxyType = 2;
			remoteGlobalIDString = 504E17DC11C4C7E100E19835;
			remoteInfo = EAGLViewTest;
		};
		367CDAD8159A9712002DF18B /* PBXContainerItemProxy */ = {
			isa = PBXContainerItemProxy;
			containerPortal = 367CDA3A159A970D002DF18B /* cocos2d-ios.xcodeproj */;
			proxyType = 2;
			remoteGlobalIDString = 505B63A30F2F4210001B4104;
			remoteInfo = ActionsEaseTest;
		};
		367CDADA159A9712002DF18B /* PBXContainerItemProxy */ = {
			isa = PBXContainerItemProxy;
			containerPortal = 367CDA3A159A970D002DF18B /* cocos2d-ios.xcodeproj */;
			proxyType = 2;
			remoteGlobalIDString = 50A24E440F377FA1007CAEB0;
			remoteInfo = EffectsTest;
		};
		367CDADC159A9712002DF18B /* PBXContainerItemProxy */ = {
			isa = PBXContainerItemProxy;
			containerPortal = 367CDA3A159A970D002DF18B /* cocos2d-ios.xcodeproj */;
			proxyType = 2;
			remoteGlobalIDString = 50D56FD20F3FABEC007CD6B9;
			remoteInfo = EffectsAdvancedTest;
		};
		367CDADE159A9712002DF18B /* PBXContainerItemProxy */ = {
			isa = PBXContainerItemProxy;
			containerPortal = 367CDA3A159A970D002DF18B /* cocos2d-ios.xcodeproj */;
			proxyType = 2;
			remoteGlobalIDString = A0F8418D151D3B3000EBBFCB;
			remoteInfo = FileUtilsTest;
		};
		367CDAE0159A9712002DF18B /* PBXContainerItemProxy */ = {
			isa = PBXContainerItemProxy;
			containerPortal = 367CDA3A159A970D002DF18B /* cocos2d-ios.xcodeproj */;
			proxyType = 2;
			remoteGlobalIDString = DAABAA9A1059A42E00794EB3;
			remoteInfo = FontTest;
		};
		367CDAE2159A9712002DF18B /* PBXContainerItemProxy */ = {
			isa = PBXContainerItemProxy;
			containerPortal = 367CDA3A159A970D002DF18B /* cocos2d-ios.xcodeproj */;
			proxyType = 2;
			remoteGlobalIDString = 50C7D4950E5C2ED80035ACA2;
			remoteInfo = IntervalTest;
		};
		367CDAE4159A9712002DF18B /* PBXContainerItemProxy */ = {
			isa = PBXContainerItemProxy;
			containerPortal = 367CDA3A159A970D002DF18B /* cocos2d-ios.xcodeproj */;
			proxyType = 2;
			remoteGlobalIDString = 506882110E95761200F943E5;
			remoteInfo = LabelTest;
		};
		367CDAE6159A9712002DF18B /* PBXContainerItemProxy */ = {
			isa = PBXContainerItemProxy;
			containerPortal = 367CDA3A159A970D002DF18B /* cocos2d-ios.xcodeproj */;
			proxyType = 2;
			remoteGlobalIDString = 504799B1100F6A4200D1C71A;
			remoteInfo = LayerTest;
		};
		367CDAE8159A9712002DF18B /* PBXContainerItemProxy */ = {
			isa = PBXContainerItemProxy;
			containerPortal = 367CDA3A159A970D002DF18B /* cocos2d-ios.xcodeproj */;
			proxyType = 2;
			remoteGlobalIDString = 506C7A090E01C73A00B48100;
			remoteInfo = MenuTest;
		};
		367CDAEA159A9712002DF18B /* PBXContainerItemProxy */ = {
			isa = PBXContainerItemProxy;
			containerPortal = 367CDA3A159A970D002DF18B /* cocos2d-ios.xcodeproj */;
			proxyType = 2;
			remoteGlobalIDString = 50A783C40F3AFCE500104C45;
			remoteInfo = MotionStreakTest;
		};
		367CDAEC159A9712002DF18B /* PBXContainerItemProxy */ = {
			isa = PBXContainerItemProxy;
			containerPortal = 367CDA3A159A970D002DF18B /* cocos2d-ios.xcodeproj */;
			proxyType = 2;
			remoteGlobalIDString = A009431115180C730029A5C6;
			remoteInfo = MultithreadTest;
		};
		367CDAEE159A9712002DF18B /* PBXContainerItemProxy */ = {
			isa = PBXContainerItemProxy;
			containerPortal = 367CDA3A159A970D002DF18B /* cocos2d-ios.xcodeproj */;
			proxyType = 2;
			remoteGlobalIDString = 506144080E589A2E003CCDB7;
			remoteInfo = NodeTest;
		};
		367CDAF0159A9712002DF18B /* PBXContainerItemProxy */ = {
			isa = PBXContainerItemProxy;
			containerPortal = 367CDA3A159A970D002DF18B /* cocos2d-ios.xcodeproj */;
			proxyType = 2;
			remoteGlobalIDString = 50C195600EE4B57E00829067;
			remoteInfo = ParallaxTest;
		};
		367CDAF2159A9712002DF18B /* PBXContainerItemProxy */ = {
			isa = PBXContainerItemProxy;
			containerPortal = 367CDA3A159A970D002DF18B /* cocos2d-ios.xcodeproj */;
			proxyType = 2;
			remoteGlobalIDString = 50DB1BCA0E1C1E5900A89DFF;
			remoteInfo = ParticleTest;
		};
		367CDAF4159A9712002DF18B /* PBXContainerItemProxy */ = {
			isa = PBXContainerItemProxy;
			containerPortal = 367CDA3A159A970D002DF18B /* cocos2d-ios.xcodeproj */;
			proxyType = 2;
			remoteGlobalIDString = 501504ED11330E1700A9CA65;
			remoteInfo = ActionsProgressTest;
		};
		367CDAF6159A9712002DF18B /* PBXContainerItemProxy */ = {
			isa = PBXContainerItemProxy;
			containerPortal = 367CDA3A159A970D002DF18B /* cocos2d-ios.xcodeproj */;
			proxyType = 2;
			remoteGlobalIDString = 495E73F7104B74E20012BB52;
			remoteInfo = RenderTextureTest;
		};
		367CDAF8159A9712002DF18B /* PBXContainerItemProxy */ = {
			isa = PBXContainerItemProxy;
			containerPortal = 367CDA3A159A970D002DF18B /* cocos2d-ios.xcodeproj */;
			proxyType = 2;
			remoteGlobalIDString = 502C66180DFEFCCA00E4107D;
			remoteInfo = RotateWorldTest;
		};
		367CDAFA159A9712002DF18B /* PBXContainerItemProxy */ = {
			isa = PBXContainerItemProxy;
			containerPortal = 367CDA3A159A970D002DF18B /* cocos2d-ios.xcodeproj */;
			proxyType = 2;
			remoteGlobalIDString = 506C800E0E041C9300B48100;
			remoteInfo = SceneTest;
		};
		367CDAFC159A9712002DF18B /* PBXContainerItemProxy */ = {
			isa = PBXContainerItemProxy;
			containerPortal = 367CDA3A159A970D002DF18B /* cocos2d-ios.xcodeproj */;
			proxyType = 2;
			remoteGlobalIDString = 508CA7DA1193270F003AC397;
			remoteInfo = SchedulerTest;
		};
		367CDAFE159A9712002DF18B /* PBXContainerItemProxy */ = {
			isa = PBXContainerItemProxy;
			containerPortal = 367CDA3A159A970D002DF18B /* cocos2d-ios.xcodeproj */;
			proxyType = 2;
			remoteGlobalIDString = E03A4F691355041F00D4B515;
			remoteInfo = ShaderTest;
		};
		367CDB00159A9712002DF18B /* PBXContainerItemProxy */ = {
			isa = PBXContainerItemProxy;
			containerPortal = 367CDA3A159A970D002DF18B /* cocos2d-ios.xcodeproj */;
			proxyType = 2;
			remoteGlobalIDString = 501C7C910F91EFFF0024A296;
			remoteInfo = SpriteTest;
		};
		367CDB02159A9712002DF18B /* PBXContainerItemProxy */ = {
			isa = PBXContainerItemProxy;
			containerPortal = 367CDA3A159A970D002DF18B /* cocos2d-ios.xcodeproj */;
			proxyType = 2;
			remoteGlobalIDString = 505B62D60F2E6A0F001B4104;
			remoteInfo = Texture2dTest;
		};
		367CDB04159A9712002DF18B /* PBXContainerItemProxy */ = {
			isa = PBXContainerItemProxy;
			containerPortal = 367CDA3A159A970D002DF18B /* cocos2d-ios.xcodeproj */;
			proxyType = 2;
			remoteGlobalIDString = 503F5CBE101FE930002A37E5;
			remoteInfo = TileMapTest;
		};
		367CDB06159A9712002DF18B /* PBXContainerItemProxy */ = {
			isa = PBXContainerItemProxy;
			containerPortal = 367CDA3A159A970D002DF18B /* cocos2d-ios.xcodeproj */;
			proxyType = 2;
			remoteGlobalIDString = 5012DD3B0FE2994300D6DDD1;
			remoteInfo = TouchesTest;
		};
		367CDB08159A9712002DF18B /* PBXContainerItemProxy */ = {
			isa = PBXContainerItemProxy;
			containerPortal = 367CDA3A159A970D002DF18B /* cocos2d-ios.xcodeproj */;
			proxyType = 2;
			remoteGlobalIDString = 50C938E00E0A9DBB00517B01;
			remoteInfo = TransitionsTest;
		};
		367CDB0A159A9712002DF18B /* PBXContainerItemProxy */ = {
			isa = PBXContainerItemProxy;
			containerPortal = 367CDA3A159A970D002DF18B /* cocos2d-ios.xcodeproj */;
			proxyType = 2;
			remoteGlobalIDString = E0C5588611FE48E600B9E4CB;
			remoteInfo = ZwoptexTest;
		};
		367CDB0C159A9712002DF18B /* PBXContainerItemProxy */ = {
			isa = PBXContainerItemProxy;
			containerPortal = 367CDA3A159A970D002DF18B /* cocos2d-ios.xcodeproj */;
			proxyType = 2;
			remoteGlobalIDString = 507FF8F2116D16F600B6FAB2;
			remoteInfo = Bug350;
		};
		367CDB0E159A9712002DF18B /* PBXContainerItemProxy */ = {
			isa = PBXContainerItemProxy;
			containerPortal = 367CDA3A159A970D002DF18B /* cocos2d-ios.xcodeproj */;
			proxyType = 2;
			remoteGlobalIDString = 50CB34DD100765EF00B7A750;
			remoteInfo = Bug422;
		};
		367CDB10159A9712002DF18B /* PBXContainerItemProxy */ = {
			isa = PBXContainerItemProxy;
			containerPortal = 367CDA3A159A970D002DF18B /* cocos2d-ios.xcodeproj */;
			proxyType = 2;
			remoteGlobalIDString = E037DA4C1281C7F0003D39D7;
			remoteInfo = Bug458;
		};
		367CDB12159A9712002DF18B /* PBXContainerItemProxy */ = {
			isa = PBXContainerItemProxy;
			containerPortal = 367CDA3A159A970D002DF18B /* cocos2d-ios.xcodeproj */;
			proxyType = 2;
			remoteGlobalIDString = E02BC2CD1270E489006E46A2;
			remoteInfo = Bug624;
		};
		367CDB14159A9712002DF18B /* PBXContainerItemProxy */ = {
			isa = PBXContainerItemProxy;
			containerPortal = 367CDA3A159A970D002DF18B /* cocos2d-ios.xcodeproj */;
			proxyType = 2;
			remoteGlobalIDString = 50CBA48711CBD6FB007B009D;
			remoteInfo = Bug886;
		};
		367CDB16159A9712002DF18B /* PBXContainerItemProxy */ = {
			isa = PBXContainerItemProxy;
			containerPortal = 367CDA3A159A970D002DF18B /* cocos2d-ios.xcodeproj */;
			proxyType = 2;
			remoteGlobalIDString = 507C0F0B11D609290075E747;
			remoteInfo = Bug899;
		};
		367CDB18159A9712002DF18B /* PBXContainerItemProxy */ = {
			isa = PBXContainerItemProxy;
			containerPortal = 367CDA3A159A970D002DF18B /* cocos2d-ios.xcodeproj */;
			proxyType = 2;
			remoteGlobalIDString = 502BF56911E39CC30030C477;
			remoteInfo = Bug914;
		};
		367CDB1A159A9712002DF18B /* PBXContainerItemProxy */ = {
			isa = PBXContainerItemProxy;
			containerPortal = 367CDA3A159A970D002DF18B /* cocos2d-ios.xcodeproj */;
			proxyType = 2;
			remoteGlobalIDString = E0EA56A5134B9CA800F212C8;
			remoteInfo = Bug1159;
		};
		367CDB1C159A9AAA002DF18B /* PBXContainerItemProxy */ = {
			isa = PBXContainerItemProxy;
			containerPortal = 367CDA3A159A970D002DF18B /* cocos2d-ios.xcodeproj */;
			proxyType = 1;
			remoteGlobalIDString = 50B2C4D00E100AEA00AE9530;
			remoteInfo = Chipmunk;
		};
		367CDB1E159A9AAA002DF18B /* PBXContainerItemProxy */ = {
			isa = PBXContainerItemProxy;
			containerPortal = 367CDA3A159A970D002DF18B /* cocos2d-ios.xcodeproj */;
			proxyType = 1;
			remoteGlobalIDString = 5018F24C0DFDEAC400C013A5;
			remoteInfo = cocos2d;
		};
		367CDB20159A9AAA002DF18B /* PBXContainerItemProxy */ = {
			isa = PBXContainerItemProxy;
			containerPortal = 367CDA3A159A970D002DF18B /* cocos2d-ios.xcodeproj */;
			proxyType = 1;
			remoteGlobalIDString = 50CB2FC91004C8B100B7A750;
			remoteInfo = CocosDenshion;
		};
/* End PBXContainerItemProxy section */

/* Begin PBXFileReference section */
		361506F31594C9A7000F46D9 /* savannah.png */ = {isa = PBXFileReference; lastKnownFileType = image.png; name = savannah.png; path = Resources/savannah.png; sourceTree = "<group>"; };
		361506F61594C9BC000F46D9 /* tropical.png */ = {isa = PBXFileReference; lastKnownFileType = image.png; name = tropical.png; path = Resources/tropical.png; sourceTree = "<group>"; };
		361506F91594C9DA000F46D9 /* arctic.png */ = {isa = PBXFileReference; lastKnownFileType = image.png; name = arctic.png; path = Resources/arctic.png; sourceTree = "<group>"; };
		361506FD1594CA39000F46D9 /* elephant_bottom.png */ = {isa = PBXFileReference; lastKnownFileType = image.png; name = elephant_bottom.png; path = Resources/elephant_bottom.png; sourceTree = "<group>"; };
		361506FE1594CA39000F46D9 /* elephant_top.png */ = {isa = PBXFileReference; lastKnownFileType = image.png; name = elephant_top.png; path = Resources/elephant_top.png; sourceTree = "<group>"; };
		361507081594CD37000F46D9 /* penguin_bottom.png */ = {isa = PBXFileReference; lastKnownFileType = image.png; name = penguin_bottom.png; path = Resources/penguin_bottom.png; sourceTree = "<group>"; };
		361507091594CD37000F46D9 /* penguin_top.png */ = {isa = PBXFileReference; lastKnownFileType = image.png; name = penguin_top.png; path = Resources/penguin_top.png; sourceTree = "<group>"; };
		3615070F1594CD61000F46D9 /* lion_bottom.png */ = {isa = PBXFileReference; lastKnownFileType = image.png; name = lion_bottom.png; path = Resources/lion_bottom.png; sourceTree = "<group>"; };
		361507101594CD61000F46D9 /* lion_top.png */ = {isa = PBXFileReference; lastKnownFileType = image.png; name = lion_top.png; path = Resources/lion_top.png; sourceTree = "<group>"; };
		364B025D159B60870054E69A /* Animal-Lion.plist */ = {isa = PBXFileReference; fileEncoding = 4; lastKnownFileType = text.plist.xml; name = "Animal-Lion.plist"; path = "Resources/Animal-Lion.plist"; sourceTree = "<group>"; };
		364B025F159B60B40054E69A /* Animal-Penguin.plist */ = {isa = PBXFileReference; fileEncoding = 4; lastKnownFileType = text.plist.xml; path = "Animal-Penguin.plist"; sourceTree = "<group>"; };
		364B0261159B60EA0054E69A /* Animal-Elephant.plist */ = {isa = PBXFileReference; fileEncoding = 4; lastKnownFileType = text.plist.xml; path = "Animal-Elephant.plist"; sourceTree = "<group>"; };
		364B0263159B614D0054E69A /* Environment-Savannah.plist */ = {isa = PBXFileReference; fileEncoding = 4; lastKnownFileType = text.plist.xml; path = "Environment-Savannah.plist"; sourceTree = "<group>"; };
		364B0265159B61600054E69A /* Environment-Tropical.plist */ = {isa = PBXFileReference; fileEncoding = 4; lastKnownFileType = text.plist.xml; path = "Environment-Tropical.plist"; sourceTree = "<group>"; };
		364B0267159B616F0054E69A /* Environment-Arctic.plist */ = {isa = PBXFileReference; fileEncoding = 4; lastKnownFileType = text.plist.xml; path = "Environment-Arctic.plist"; sourceTree = "<group>"; };
		364B046B159FD61F0054E69A /* EnvironmentLayer.h */ = {isa = PBXFileReference; fileEncoding = 4; lastKnownFileType = sourcecode.c.h; path = EnvironmentLayer.h; sourceTree = "<group>"; };
		364B046C159FD61F0054E69A /* EnvironmentLayer.m */ = {isa = PBXFileReference; fileEncoding = 4; lastKnownFileType = sourcecode.c.objc; path = EnvironmentLayer.m; sourceTree = "<group>"; };
		364B066D15A2BCF40054E69A /* Lua.xcodeproj */ = {isa = PBXFileReference; lastKnownFileType = "wrapper.pb-project"; name = Lua.xcodeproj; path = "../../lua-5.2.1/Lua.xcodeproj"; sourceTree = "<group>"; };
		364B067915A2CB650054E69A /* EnvironmentRepository.h */ = {isa = PBXFileReference; fileEncoding = 4; lastKnownFileType = sourcecode.c.h; path = EnvironmentRepository.h; sourceTree = "<group>"; };
		364B067A15A2CB650054E69A /* EnvironmentRepository.m */ = {isa = PBXFileReference; fileEncoding = 4; lastKnownFileType = sourcecode.c.objc; path = EnvironmentRepository.m; sourceTree = "<group>"; };
		364B077515A50E510054E69A /* BaseRepository.h */ = {isa = PBXFileReference; fileEncoding = 4; lastKnownFileType = sourcecode.c.h; path = BaseRepository.h; sourceTree = "<group>"; };
		364B077615A50E510054E69A /* BaseRepository.m */ = {isa = PBXFileReference; fileEncoding = 4; lastKnownFileType = sourcecode.c.objc; path = BaseRepository.m; sourceTree = "<group>"; };
		367CDA3A159A970D002DF18B /* cocos2d-ios.xcodeproj */ = {isa = PBXFileReference; lastKnownFileType = "wrapper.pb-project"; name = "cocos2d-ios.xcodeproj"; path = "../../cocos2d-iphone-2.0-rc2/cocos2d-ios.xcodeproj"; sourceTree = "<group>"; };
		367DFB1F137798570088FD67 /* glock__c2.wav */ = {isa = PBXFileReference; lastKnownFileType = audio.wav; path = glock__c2.wav; sourceTree = "<group>"; };
		367DFB20137798570088FD67 /* glock__e1.wav */ = {isa = PBXFileReference; lastKnownFileType = audio.wav; path = glock__e1.wav; sourceTree = "<group>"; };
		367DFB21137798570088FD67 /* glock__g1.wav */ = {isa = PBXFileReference; lastKnownFileType = audio.wav; path = glock__g1.wav; sourceTree = "<group>"; };
		367EC2DC133A4782003F7FF0 /* FootGame.app */ = {isa = PBXFileReference; explicitFileType = wrapper.application; includeInIndex = 0; path = FootGame.app; sourceTree = BUILT_PRODUCTS_DIR; };
		367EC2E0133A4782003F7FF0 /* QuartzCore.framework */ = {isa = PBXFileReference; lastKnownFileType = wrapper.framework; name = QuartzCore.framework; path = System/Library/Frameworks/QuartzCore.framework; sourceTree = SDKROOT; };
		367EC2E2133A4782003F7FF0 /* OpenGLES.framework */ = {isa = PBXFileReference; lastKnownFileType = wrapper.framework; name = OpenGLES.framework; path = System/Library/Frameworks/OpenGLES.framework; sourceTree = SDKROOT; };
		367EC2E4133A4782003F7FF0 /* OpenAL.framework */ = {isa = PBXFileReference; lastKnownFileType = wrapper.framework; name = OpenAL.framework; path = System/Library/Frameworks/OpenAL.framework; sourceTree = SDKROOT; };
		367EC2E6133A4782003F7FF0 /* AudioToolbox.framework */ = {isa = PBXFileReference; lastKnownFileType = wrapper.framework; name = AudioToolbox.framework; path = System/Library/Frameworks/AudioToolbox.framework; sourceTree = SDKROOT; };
		367EC2E8133A4782003F7FF0 /* AVFoundation.framework */ = {isa = PBXFileReference; lastKnownFileType = wrapper.framework; name = AVFoundation.framework; path = System/Library/Frameworks/AVFoundation.framework; sourceTree = SDKROOT; };
		367EC2EA133A4782003F7FF0 /* UIKit.framework */ = {isa = PBXFileReference; lastKnownFileType = wrapper.framework; name = UIKit.framework; path = System/Library/Frameworks/UIKit.framework; sourceTree = SDKROOT; };
		367EC2EC133A4782003F7FF0 /* Foundation.framework */ = {isa = PBXFileReference; lastKnownFileType = wrapper.framework; name = Foundation.framework; path = System/Library/Frameworks/Foundation.framework; sourceTree = SDKROOT; };
		367EC2EE133A4782003F7FF0 /* CoreGraphics.framework */ = {isa = PBXFileReference; lastKnownFileType = wrapper.framework; name = CoreGraphics.framework; path = System/Library/Frameworks/CoreGraphics.framework; sourceTree = SDKROOT; };
		367EC2F2133A4782003F7FF0 /* Default.png */ = {isa = PBXFileReference; lastKnownFileType = image.png; name = Default.png; path = Resources/Default.png; sourceTree = "<group>"; };
		367EC2F4133A4782003F7FF0 /* fps_images.png */ = {isa = PBXFileReference; lastKnownFileType = image.png; name = fps_images.png; path = Resources/fps_images.png; sourceTree = "<group>"; };
		367EC2F6133A4782003F7FF0 /* Icon-72.png */ = {isa = PBXFileReference; lastKnownFileType = image.png; name = "Icon-72.png"; path = "Resources/Icon-72.png"; sourceTree = "<group>"; };
		367EC2F8133A4782003F7FF0 /* Icon-Small-50.png */ = {isa = PBXFileReference; lastKnownFileType = image.png; name = "Icon-Small-50.png"; path = "Resources/Icon-Small-50.png"; sourceTree = "<group>"; };
		367EC2FA133A4782003F7FF0 /* Icon-Small.png */ = {isa = PBXFileReference; lastKnownFileType = image.png; name = "Icon-Small.png"; path = "Resources/Icon-Small.png"; sourceTree = "<group>"; };
		367EC2FC133A4782003F7FF0 /* Icon-Small@2x.png */ = {isa = PBXFileReference; lastKnownFileType = image.png; name = "Icon-Small@2x.png"; path = "Resources/Icon-Small@2x.png"; sourceTree = "<group>"; };
		367EC2FE133A4782003F7FF0 /* Icon.png */ = {isa = PBXFileReference; lastKnownFileType = image.png; name = Icon.png; path = Resources/Icon.png; sourceTree = "<group>"; };
		367EC300133A4782003F7FF0 /* Icon@2x.png */ = {isa = PBXFileReference; lastKnownFileType = image.png; name = "Icon@2x.png"; path = "Resources/Icon@2x.png"; sourceTree = "<group>"; };
		367EC302133A4782003F7FF0 /* Info.plist */ = {isa = PBXFileReference; lastKnownFileType = text.plist.xml; name = Info.plist; path = Resources/Info.plist; sourceTree = "<group>"; };
		367EC303133A4782003F7FF0 /* iTunesArtwork */ = {isa = PBXFileReference; lastKnownFileType = file; name = iTunesArtwork; path = Resources/iTunesArtwork; sourceTree = "<group>"; };
		367EC48C133A4785003F7FF0 /* Prefix.pch */ = {isa = PBXFileReference; lastKnownFileType = sourcecode.c.h; path = Prefix.pch; sourceTree = "<group>"; };
		367EC48D133A4785003F7FF0 /* main.m */ = {isa = PBXFileReference; lastKnownFileType = sourcecode.c.objc; path = main.m; sourceTree = "<group>"; };
		367EC48F133A4785003F7FF0 /* AppDelegate.h */ = {isa = PBXFileReference; lastKnownFileType = sourcecode.c.h; path = AppDelegate.h; sourceTree = "<group>"; };
		367EC490133A4785003F7FF0 /* AppDelegate.m */ = {isa = PBXFileReference; lastKnownFileType = sourcecode.c.objc; path = AppDelegate.m; sourceTree = "<group>"; };
		367EC492133A4785003F7FF0 /* RootViewController.h */ = {isa = PBXFileReference; lastKnownFileType = sourcecode.c.h; path = RootViewController.h; sourceTree = "<group>"; };
		367EC493133A4785003F7FF0 /* RootViewController.m */ = {isa = PBXFileReference; lastKnownFileType = sourcecode.c.objc; path = RootViewController.m; sourceTree = "<group>"; };
		367EC498133A4785003F7FF0 /* GameConfig.h */ = {isa = PBXFileReference; lastKnownFileType = sourcecode.c.h; path = GameConfig.h; sourceTree = "<group>"; };
		367EC499133A4785003F7FF0 /* grossini_dance_atlas.png */ = {isa = PBXFileReference; lastKnownFileType = image.png; name = grossini_dance_atlas.png; path = Resources/grossini_dance_atlas.png; sourceTree = "<group>"; };
		368005FF1375AC8C00F6603F /* barks2.wav */ = {isa = PBXFileReference; lastKnownFileType = audio.wav; path = barks2.wav; sourceTree = "<group>"; };
		368006001375AC8C00F6603F /* elephant2.wav */ = {isa = PBXFileReference; lastKnownFileType = audio.wav; path = elephant2.wav; sourceTree = "<group>"; };
		368006711375ADEE00F6603F /* SoundManager.h */ = {isa = PBXFileReference; fileEncoding = 4; lastKnownFileType = sourcecode.c.h; path = SoundManager.h; sourceTree = "<group>"; };
		368006721375ADF400F6603F /* SoundManager.m */ = {isa = PBXFileReference; fileEncoding = 4; lastKnownFileType = sourcecode.c.objc; path = SoundManager.m; sourceTree = "<group>"; };
		368006741375B37F00F6603F /* arrow.png */ = {isa = PBXFileReference; lastKnownFileType = image.png; name = arrow.png; path = Resources/arrow.png; sourceTree = "<group>"; };
		36800679137601DC00F6603F /* Olde Timey.mp3 */ = {isa = PBXFileReference; lastKnownFileType = audio.mp3; path = "Olde Timey.mp3"; sourceTree = "<group>"; };
		36A92CD0133C6D48004DFEFC /* AnimalViewLayer.h */ = {isa = PBXFileReference; fileEncoding = 4; lastKnownFileType = sourcecode.c.h; path = AnimalViewLayer.h; sourceTree = "<group>"; };
		36A92CD1133C6D48004DFEFC /* AnimalViewLayer.m */ = {isa = PBXFileReference; fileEncoding = 4; lastKnownFileType = sourcecode.c.objc; path = AnimalViewLayer.m; sourceTree = "<group>"; };
		36A92CE1133D038B004DFEFC /* AnimalPart.h */ = {isa = PBXFileReference; fileEncoding = 4; lastKnownFileType = sourcecode.c.h; path = AnimalPart.h; sourceTree = "<group>"; };
		36A92CE2133D038C004DFEFC /* AnimalPart.m */ = {isa = PBXFileReference; fileEncoding = 4; lastKnownFileType = sourcecode.c.objc; path = AnimalPart.m; sourceTree = "<group>"; };
		36A92CE4133E8C52004DFEFC /* AnimalPartRepository.h */ = {isa = PBXFileReference; fileEncoding = 4; lastKnownFileType = sourcecode.c.h; path = AnimalPartRepository.h; sourceTree = "<group>"; };
		36A92CE5133E8C55004DFEFC /* AnimalPartRepository.m */ = {isa = PBXFileReference; fileEncoding = 4; lastKnownFileType = sourcecode.c.objc; path = AnimalPartRepository.m; sourceTree = "<group>"; };
		36A92CE7133ED42B004DFEFC /* Animal.h */ = {isa = PBXFileReference; fileEncoding = 4; lastKnownFileType = sourcecode.c.h; path = Animal.h; sourceTree = "<group>"; };
		36A92CE8133ED42F004DFEFC /* Animal.m */ = {isa = PBXFileReference; fileEncoding = 4; lastKnownFileType = sourcecode.c.objc; path = Animal.m; sourceTree = "<group>"; };
		36A92CF2133EF73A004DFEFC /* AnchorPoint.h */ = {isa = PBXFileReference; fileEncoding = 4; lastKnownFileType = sourcecode.c.h; path = AnchorPoint.h; sourceTree = "<group>"; };
		36A92CF3133EF742004DFEFC /* AnchorPoint.m */ = {isa = PBXFileReference; fileEncoding = 4; lastKnownFileType = sourcecode.c.objc; path = AnchorPoint.m; sourceTree = "<group>"; };
		36D20CF513456A65007BE614 /* dog.png */ = {isa = PBXFileReference; lastKnownFileType = image.png; name = dog.png; path = Resources/AnimalImages/dog.png; sourceTree = "<group>"; };
		36D20CF613456A65007BE614 /* dog-back.png */ = {isa = PBXFileReference; lastKnownFileType = image.png; name = "dog-back.png"; path = "Resources/AnimalImages/dog-back.png"; sourceTree = "<group>"; };
		36D20CF713456A65007BE614 /* dog-front.png */ = {isa = PBXFileReference; lastKnownFileType = image.png; name = "dog-front.png"; path = "Resources/AnimalImages/dog-front.png"; sourceTree = "<group>"; };
		36D20CF813456A65007BE614 /* elephant-back.png */ = {isa = PBXFileReference; lastKnownFileType = image.png; name = "elephant-back.png"; path = "Resources/AnimalImages/elephant-back.png"; sourceTree = "<group>"; };
		36D20CF913456A65007BE614 /* elephant-front.png */ = {isa = PBXFileReference; lastKnownFileType = image.png; name = "elephant-front.png"; path = "Resources/AnimalImages/elephant-front.png"; sourceTree = "<group>"; };
		36D20CFA13456A65007BE614 /* elephant.png */ = {isa = PBXFileReference; lastKnownFileType = image.png; name = elephant.png; path = Resources/AnimalImages/elephant.png; sourceTree = "<group>"; };
		36D20D0113456AA2007BE614 /* paper.png */ = {isa = PBXFileReference; lastKnownFileType = image.png; name = paper.png; path = Resources/paper.png; sourceTree = "<group>"; };
		36D20D0313456BE4007BE614 /* ArialNarrow.ttf */ = {isa = PBXFileReference; fileEncoding = 4; lastKnownFileType = text; path = ArialNarrow.ttf; sourceTree = "<group>"; };
		36EDC49213838E7D00B77975 /* foot_sealion_back.png */ = {isa = PBXFileReference; lastKnownFileType = image.png; path = foot_sealion_back.png; sourceTree = "<group>"; };
		36EDC49313838E7D00B77975 /* foot_sealion_body.png */ = {isa = PBXFileReference; lastKnownFileType = image.png; path = foot_sealion_body.png; sourceTree = "<group>"; };
		36EDC49413838E7D00B77975 /* foot_sealion_front.png */ = {isa = PBXFileReference; lastKnownFileType = image.png; path = foot_sealion_front.png; sourceTree = "<group>"; };
		36EDC49913838F0900B77975 /* sealion2.wav */ = {isa = PBXFileReference; lastKnownFileType = audio.wav; name = sealion2.wav; path = Resources/sealion2.wav; sourceTree = "<group>"; };
		36F9BE90154AE6B000059C14 /* Entitlements.plist */ = {isa = PBXFileReference; fileEncoding = 4; lastKnownFileType = text.plist.xml; path = Entitlements.plist; sourceTree = "<group>"; };
		36F9BE93154AE6DB00059C14 /* libTestFlight.a */ = {isa = PBXFileReference; lastKnownFileType = archive.ar; name = libTestFlight.a; path = FootGame/libTestFlight.a; sourceTree = "<group>"; };
		36F9BE94154AE6DB00059C14 /* TestFlight.h */ = {isa = PBXFileReference; fileEncoding = 4; lastKnownFileType = sourcecode.c.h; path = TestFlight.h; sourceTree = "<group>"; };
/* End PBXFileReference section */

/* Begin PBXFrameworksBuildPhase section */
		367EC2D9133A4780003F7FF0 /* Frameworks */ = {
			isa = PBXFrameworksBuildPhase;
			buildActionMask = 2147483647;
			files = (
				364B067815A2BFF70054E69A /* libLua.a in Frameworks */,
				367CDB22159A9AD2002DF18B /* libChipmunk.a in Frameworks */,
				367CDB23159A9AD2002DF18B /* libcocos2d.a in Frameworks */,
				367CDB24159A9AD2002DF18B /* libCocosDenshion.a in Frameworks */,
				367EC2E1133A4782003F7FF0 /* QuartzCore.framework in Frameworks */,
				367EC2E3133A4782003F7FF0 /* OpenGLES.framework in Frameworks */,
				367EC2E5133A4782003F7FF0 /* OpenAL.framework in Frameworks */,
				367EC2E7133A4782003F7FF0 /* AudioToolbox.framework in Frameworks */,
				367EC2E9133A4782003F7FF0 /* AVFoundation.framework in Frameworks */,
				367EC2EB133A4782003F7FF0 /* UIKit.framework in Frameworks */,
				367EC2ED133A4782003F7FF0 /* Foundation.framework in Frameworks */,
				367EC2EF133A4782003F7FF0 /* CoreGraphics.framework in Frameworks */,
				36F9BE95154AE6DB00059C14 /* libTestFlight.a in Frameworks */,
			);
			runOnlyForDeploymentPostprocessing = 0;
		};
/* End PBXFrameworksBuildPhase section */

/* Begin PBXGroup section */
		361506F01594C96C000F46D9 /* Environments */ = {
			isa = PBXGroup;
			children = (
				361506F81594C9C9000F46D9 /* Arctic */,
				361506F51594C9AF000F46D9 /* Tropical */,
				361506F21594C97A000F46D9 /* Savannah */,
			);
			name = Environments;
			sourceTree = "<group>";
		};
		361506F21594C97A000F46D9 /* Savannah */ = {
			isa = PBXGroup;
			children = (
				361507041594CA5F000F46D9 /* Graphics */,
				364B0263159B614D0054E69A /* Environment-Savannah.plist */,
			);
			name = Savannah;
			sourceTree = "<group>";
		};
		361506F51594C9AF000F46D9 /* Tropical */ = {
			isa = PBXGroup;
			children = (
				361507031594CA57000F46D9 /* Graphics */,
				364B0265159B61600054E69A /* Environment-Tropical.plist */,
			);
			name = Tropical;
			sourceTree = "<group>";
		};
		361506F81594C9C9000F46D9 /* Arctic */ = {
			isa = PBXGroup;
			children = (
				361507021594CA4F000F46D9 /* Graphics */,
				364B0267159B616F0054E69A /* Environment-Arctic.plist */,
			);
			name = Arctic;
			sourceTree = "<group>";
		};
		361506FB1594C9FD000F46D9 /* Animals */ = {
			isa = PBXGroup;
			children = (
				3615070D1594CD46000F46D9 /* Lion */,
				361507061594CD1B000F46D9 /* Penguin */,
				361506FC1594CA0F000F46D9 /* Elephant */,
			);
			name = Animals;
			sourceTree = "<group>";
		};
		361506FC1594CA0F000F46D9 /* Elephant */ = {
			isa = PBXGroup;
			children = (
				361507051594CA6B000F46D9 /* Audio */,
				361507011594CA41000F46D9 /* Graphics */,
				364B0261159B60EA0054E69A /* Animal-Elephant.plist */,
			);
			name = Elephant;
			sourceTree = "<group>";
		};
		361507011594CA41000F46D9 /* Graphics */ = {
			isa = PBXGroup;
			children = (
				361506FD1594CA39000F46D9 /* elephant_bottom.png */,
				361506FE1594CA39000F46D9 /* elephant_top.png */,
			);
			name = Graphics;
			sourceTree = "<group>";
		};
		361507021594CA4F000F46D9 /* Graphics */ = {
			isa = PBXGroup;
			children = (
				361506F91594C9DA000F46D9 /* arctic.png */,
			);
			name = Graphics;
			sourceTree = "<group>";
		};
		361507031594CA57000F46D9 /* Graphics */ = {
			isa = PBXGroup;
			children = (
				361506F61594C9BC000F46D9 /* tropical.png */,
			);
			name = Graphics;
			sourceTree = "<group>";
		};
		361507041594CA5F000F46D9 /* Graphics */ = {
			isa = PBXGroup;
			children = (
				361506F31594C9A7000F46D9 /* savannah.png */,
			);
			name = Graphics;
			sourceTree = "<group>";
		};
		361507051594CA6B000F46D9 /* Audio */ = {
			isa = PBXGroup;
			children = (
				368006001375AC8C00F6603F /* elephant2.wav */,
			);
			name = Audio;
			sourceTree = "<group>";
		};
		361507061594CD1B000F46D9 /* Penguin */ = {
			isa = PBXGroup;
			children = (
				3615070C1594CD3E000F46D9 /* Audio */,
				361507071594CD26000F46D9 /* Graphics */,
				364B025F159B60B40054E69A /* Animal-Penguin.plist */,
			);
			name = Penguin;
			sourceTree = "<group>";
		};
		361507071594CD26000F46D9 /* Graphics */ = {
			isa = PBXGroup;
			children = (
				361507081594CD37000F46D9 /* penguin_bottom.png */,
				361507091594CD37000F46D9 /* penguin_top.png */,
			);
			name = Graphics;
			sourceTree = "<group>";
		};
		3615070C1594CD3E000F46D9 /* Audio */ = {
			isa = PBXGroup;
			children = (
			);
			name = Audio;
			sourceTree = "<group>";
		};
		3615070D1594CD46000F46D9 /* Lion */ = {
			isa = PBXGroup;
			children = (
				361507131594CD6B000F46D9 /* Audio */,
				3615070E1594CD55000F46D9 /* Graphics */,
				364B025D159B60870054E69A /* Animal-Lion.plist */,
			);
			name = Lion;
			sourceTree = "<group>";
		};
		3615070E1594CD55000F46D9 /* Graphics */ = {
			isa = PBXGroup;
			children = (
				3615070F1594CD61000F46D9 /* lion_bottom.png */,
				361507101594CD61000F46D9 /* lion_top.png */,
			);
			name = Graphics;
			sourceTree = "<group>";
		};
		361507131594CD6B000F46D9 /* Audio */ = {
			isa = PBXGroup;
			children = (
			);
			name = Audio;
			sourceTree = "<group>";
		};
		364B025B159B5ED60054E69A /* Environment */ = {
			isa = PBXGroup;
			children = (
				364B046B159FD61F0054E69A /* EnvironmentLayer.h */,
				364B046C159FD61F0054E69A /* EnvironmentLayer.m */,
				364B067915A2CB650054E69A /* EnvironmentRepository.h */,
				364B067A15A2CB650054E69A /* EnvironmentRepository.m */,
			);
			name = Environment;
			sourceTree = "<group>";
		};
		364B025C159B5EE10054E69A /* Animal */ = {
			isa = PBXGroup;
			children = (
				36A92CE4133E8C52004DFEFC /* AnimalPartRepository.h */,
				36A92CE5133E8C55004DFEFC /* AnimalPartRepository.m */,
				36A92CE7133ED42B004DFEFC /* Animal.h */,
				36A92CE8133ED42F004DFEFC /* Animal.m */,
				36A92CF2133EF73A004DFEFC /* AnchorPoint.h */,
				36A92CF3133EF742004DFEFC /* AnchorPoint.m */,
				36A92CE1133D038B004DFEFC /* AnimalPart.h */,
				36A92CE2133D038C004DFEFC /* AnimalPart.m */,
			);
			name = Animal;
			sourceTree = "<group>";
		};
		364B066E15A2BCF40054E69A /* Products */ = {
			isa = PBXGroup;
			children = (
				364B067515A2BCF50054E69A /* libLua.a */,
			);
			name = Products;
			sourceTree = "<group>";
		};
		367CDA3B159A970D002DF18B /* Products */ = {
			isa = PBXGroup;
			children = (
				367CDAAB159A9712002DF18B /* libbuild all tests.a */,
				367CDAAD159A9712002DF18B /* libbox2d.a */,
				367CDAAF159A9712002DF18B /* libChipmunk.a */,
				367CDAB1159A9712002DF18B /* libcocos2d.a */,
				367CDAB3159A9712002DF18B /* libcocos2d-documentation.a */,
				367CDAB5159A9712002DF18B /* libCocosDenshion.a */,
				367CDAB7159A9712002DF18B /* libkazmath.a */,
				367CDAB9159A9712002DF18B /* liblibpng.a */,
				367CDABB159A9712002DF18B /* ActionManagerTest.app */,
				367CDABD159A9712002DF18B /* ActionsTest.app */,
				367CDABF159A9712002DF18B /* ActionsWithBlocksSample.app */,
				367CDAC1159A9712002DF18B /* AttachTest.app */,
				367CDAC3159A9712002DF18B /* Box2dAccelTouchTest.app */,
				367CDAC5159A9712002DF18B /* Box2dTestBed.app */,
				367CDAC7159A9712002DF18B /* ChipmunkAccelTouchTest.app */,
				367CDAC9159A9712002DF18B /* ClickAndMoveTest.app */,
				367CDACB159A9712002DF18B /* CocosDenshion - Tom The Turret.app */,
				367CDACD159A9712002DF18B /* CocosDenshion - Drum Pad.app */,
				367CDACF159A9712002DF18B /* CocosDenshion - Fade To Grey.app */,
				367CDAD1159A9712002DF18B /* CocosDenshion - FancyRat Metering Demo.app */,
				367CDAD3159A9712002DF18B /* DirectorTest.app */,
				367CDAD5159A9712002DF18B /* drawPrimitivesTest.app */,
				367CDAD7159A9712002DF18B /* EAGLViewTest.app */,
				367CDAD9159A9712002DF18B /* ActionsEaseTest.app */,
				367CDADB159A9712002DF18B /* EffectsTest.app */,
				367CDADD159A9712002DF18B /* EffectsAdvancedTest.app */,
				367CDADF159A9712002DF18B /* FileUtilsTest.app */,
				367CDAE1159A9712002DF18B /* FontTest.app */,
				367CDAE3159A9712002DF18B /* IntervalTest.app */,
				367CDAE5159A9712002DF18B /* LabelTest.app */,
				367CDAE7159A9712002DF18B /* LayerTest.app */,
				367CDAE9159A9712002DF18B /* MenuTest.app */,
				367CDAEB159A9712002DF18B /* MotionStreakTest.app */,
				367CDAED159A9712002DF18B /* MultithreadTest.app */,
				367CDAEF159A9712002DF18B /* cocosnodeTest.app */,
				367CDAF1159A9712002DF18B /* ParallaxTest.app */,
				367CDAF3159A9712002DF18B /* ParticleTest.app */,
				367CDAF5159A9712002DF18B /* ActionsProgressTest.app */,
				367CDAF7159A9712002DF18B /* RenderTextureTest.app */,
				367CDAF9159A9712002DF18B /* RotateWorldTest.app */,
				367CDAFB159A9712002DF18B /* SceneTest.app */,
				367CDAFD159A9712002DF18B /* SchedulerTest.app */,
				367CDAFF159A9712002DF18B /* ShaderTest.app */,
				367CDB01159A9712002DF18B /* SpriteTest.app */,
				367CDB03159A9712002DF18B /* Texture2dTest.app */,
				367CDB05159A9712002DF18B /* TileMapTest.app */,
				367CDB07159A9712002DF18B /* TouchesTest.app */,
				367CDB09159A9712002DF18B /* TransitionsTest.app */,
				367CDB0B159A9712002DF18B /* ZwoptexTest.app */,
				367CDB0D159A9712002DF18B /* Bug350.app */,
				367CDB0F159A9712002DF18B /* Bug422.app */,
				367CDB11159A9712002DF18B /* Bug458.app */,
				367CDB13159A9712002DF18B /* Bug624.app */,
				367CDB15159A9712002DF18B /* Bug886.app */,
				367CDB17159A9712002DF18B /* Bug899.app */,
				367CDB19159A9712002DF18B /* Bug914.app */,
				367CDB1B159A9712002DF18B /* Bug1159.app */,
			);
			name = Products;
			sourceTree = "<group>";
		};
		367EC2D1133A4780003F7FF0 = {
			isa = PBXGroup;
			children = (
				364B066D15A2BCF40054E69A /* Lua.xcodeproj */,
				367CDA3A159A970D002DF18B /* cocos2d-ios.xcodeproj */,
				36F9BE90154AE6B000059C14 /* Entitlements.plist */,
				367EC2F0133A4782003F7FF0 /* FootGame */,
				367EC2DF133A4782003F7FF0 /* Frameworks */,
				367EC2DD133A4782003F7FF0 /* Products */,
			);
			sourceTree = "<group>";
		};
		367EC2DD133A4782003F7FF0 /* Products */ = {
			isa = PBXGroup;
			children = (
				367EC2DC133A4782003F7FF0 /* FootGame.app */,
			);
			name = Products;
			sourceTree = "<group>";
		};
		367EC2DF133A4782003F7FF0 /* Frameworks */ = {
			isa = PBXGroup;
			children = (
				36F9BE93154AE6DB00059C14 /* libTestFlight.a */,
				367EC2E0133A4782003F7FF0 /* QuartzCore.framework */,
				367EC2E2133A4782003F7FF0 /* OpenGLES.framework */,
				367EC2E4133A4782003F7FF0 /* OpenAL.framework */,
				367EC2E6133A4782003F7FF0 /* AudioToolbox.framework */,
				367EC2E8133A4782003F7FF0 /* AVFoundation.framework */,
				367EC2EA133A4782003F7FF0 /* UIKit.framework */,
				367EC2EC133A4782003F7FF0 /* Foundation.framework */,
				367EC2EE133A4782003F7FF0 /* CoreGraphics.framework */,
			);
			name = Frameworks;
			sourceTree = "<group>";
		};
		367EC2F0133A4782003F7FF0 /* FootGame */ = {
			isa = PBXGroup;
			children = (
				364B025C159B5EE10054E69A /* Animal */,
				364B025B159B5ED60054E69A /* Environment */,
				36A92CD0133C6D48004DFEFC /* AnimalViewLayer.h */,
				36A92CD1133C6D48004DFEFC /* AnimalViewLayer.m */,
				367EC48F133A4785003F7FF0 /* AppDelegate.h */,
				367EC490133A4785003F7FF0 /* AppDelegate.m */,
				364B077515A50E510054E69A /* BaseRepository.h */,
				364B077615A50E510054E69A /* BaseRepository.m */,
				367EC492133A4785003F7FF0 /* RootViewController.h */,
				367EC493133A4785003F7FF0 /* RootViewController.m */,
				368006711375ADEE00F6603F /* SoundManager.h */,
				368006721375ADF400F6603F /* SoundManager.m */,
				367EC498133A4785003F7FF0 /* GameConfig.h */,
				36F9BE94154AE6DB00059C14 /* TestFlight.h */,
				367EC2F1133A4782003F7FF0 /* Resources */,
				367EC48B133A4785003F7FF0 /* Supporting Files */,
			);
			path = FootGame;
			sourceTree = "<group>";
		};
		367EC2F1133A4782003F7FF0 /* Resources */ = {
			isa = PBXGroup;
			children = (
				361506FB1594C9FD000F46D9 /* Animals */,
				361506F01594C96C000F46D9 /* Environments */,
				368005FD1375AC4200F6603F /* sounds */,
				36D20D0113456AA2007BE614 /* paper.png */,
				36D20D0313456BE4007BE614 /* ArialNarrow.ttf */,
				36A92CDE133D007E004DFEFC /* animalImages */,
				36A92CDF133D0194004DFEFC /* images */,
				367EC302133A4782003F7FF0 /* Info.plist */,
				367EC303133A4782003F7FF0 /* iTunesArtwork */,
			);
			name = Resources;
			sourceTree = "<group>";
		};
		367EC48B133A4785003F7FF0 /* Supporting Files */ = {
			isa = PBXGroup;
			children = (
				367EC48C133A4785003F7FF0 /* Prefix.pch */,
				367EC48D133A4785003F7FF0 /* main.m */,
			);
			name = "Supporting Files";
			sourceTree = "<group>";
		};
		368005FD1375AC4200F6603F /* sounds */ = {
			isa = PBXGroup;
			children = (
				36EDC49913838F0900B77975 /* sealion2.wav */,
				367DFB1F137798570088FD67 /* glock__c2.wav */,
				367DFB20137798570088FD67 /* glock__e1.wav */,
				367DFB21137798570088FD67 /* glock__g1.wav */,
				36800679137601DC00F6603F /* Olde Timey.mp3 */,
				368005FF1375AC8C00F6603F /* barks2.wav */,
			);
			name = sounds;
			sourceTree = "<group>";
		};
		36A92CDE133D007E004DFEFC /* animalImages */ = {
			isa = PBXGroup;
			children = (
				36EDC49213838E7D00B77975 /* foot_sealion_back.png */,
				36EDC49313838E7D00B77975 /* foot_sealion_body.png */,
				36EDC49413838E7D00B77975 /* foot_sealion_front.png */,
				36D20CF513456A65007BE614 /* dog.png */,
				36D20CF613456A65007BE614 /* dog-back.png */,
				36D20CF713456A65007BE614 /* dog-front.png */,
				36D20CF813456A65007BE614 /* elephant-back.png */,
				36D20CF913456A65007BE614 /* elephant-front.png */,
				36D20CFA13456A65007BE614 /* elephant.png */,
			);
			name = animalImages;
			sourceTree = "<group>";
		};
		36A92CDF133D0194004DFEFC /* images */ = {
			isa = PBXGroup;
			children = (
				368006741375B37F00F6603F /* arrow.png */,
				367EC2F2133A4782003F7FF0 /* Default.png */,
				367EC2F4133A4782003F7FF0 /* fps_images.png */,
				367EC2F6133A4782003F7FF0 /* Icon-72.png */,
				367EC2F8133A4782003F7FF0 /* Icon-Small-50.png */,
				367EC2FA133A4782003F7FF0 /* Icon-Small.png */,
				367EC2FC133A4782003F7FF0 /* Icon-Small@2x.png */,
				367EC2FE133A4782003F7FF0 /* Icon.png */,
				367EC300133A4782003F7FF0 /* Icon@2x.png */,
				367EC499133A4785003F7FF0 /* grossini_dance_atlas.png */,
			);
			name = images;
			sourceTree = "<group>";
		};
/* End PBXGroup section */

/* Begin PBXNativeTarget section */
		367EC2DB133A4780003F7FF0 /* FootGame */ = {
			isa = PBXNativeTarget;
			buildConfigurationList = 367EC49D133A4785003F7FF0 /* Build configuration list for PBXNativeTarget "FootGame" */;
			buildPhases = (
				367EC2D8133A4780003F7FF0 /* Sources */,
				367EC2D9133A4780003F7FF0 /* Frameworks */,
				367EC2DA133A4780003F7FF0 /* Resources */,
			);
			buildRules = (
			);
			dependencies = (
				364B067715A2BFED0054E69A /* PBXTargetDependency */,
				367CDB1D159A9AAA002DF18B /* PBXTargetDependency */,
				367CDB1F159A9AAA002DF18B /* PBXTargetDependency */,
				367CDB21159A9AAA002DF18B /* PBXTargetDependency */,
			);
			name = FootGame;
			productName = FootGame;
			productReference = 367EC2DC133A4782003F7FF0 /* FootGame.app */;
			productType = "com.apple.product-type.application";
		};
/* End PBXNativeTarget section */

/* Begin PBXProject section */
		367EC2D3133A4780003F7FF0 /* Project object */ = {
			isa = PBXProject;
			buildConfigurationList = 367EC2D6133A4780003F7FF0 /* Build configuration list for PBXProject "FootGame" */;
			compatibilityVersion = "Xcode 3.2";
			developmentRegion = English;
			hasScannedForEncodings = 0;
			knownRegions = (
				en,
			);
			mainGroup = 367EC2D1133A4780003F7FF0;
			productRefGroup = 367EC2DD133A4782003F7FF0 /* Products */;
			projectDirPath = "";
			projectReferences = (
				{
					ProductGroup = 367CDA3B159A970D002DF18B /* Products */;
					ProjectRef = 367CDA3A159A970D002DF18B /* cocos2d-ios.xcodeproj */;
				},
				{
					ProductGroup = 364B066E15A2BCF40054E69A /* Products */;
					ProjectRef = 364B066D15A2BCF40054E69A /* Lua.xcodeproj */;
				},
			);
			projectRoot = "";
			targets = (
				367EC2DB133A4780003F7FF0 /* FootGame */,
			);
		};
/* End PBXProject section */

/* Begin PBXReferenceProxy section */
		364B067515A2BCF50054E69A /* libLua.a */ = {
			isa = PBXReferenceProxy;
			fileType = archive.ar;
			path = libLua.a;
			remoteRef = 364B067415A2BCF50054E69A /* PBXContainerItemProxy */;
			sourceTree = BUILT_PRODUCTS_DIR;
		};
		367CDAAB159A9712002DF18B /* libbuild all tests.a */ = {
			isa = PBXReferenceProxy;
			fileType = archive.ar;
			path = "libbuild all tests.a";
			remoteRef = 367CDAAA159A9712002DF18B /* PBXContainerItemProxy */;
			sourceTree = BUILT_PRODUCTS_DIR;
		};
		367CDAAD159A9712002DF18B /* libbox2d.a */ = {
			isa = PBXReferenceProxy;
			fileType = archive.ar;
			path = libbox2d.a;
			remoteRef = 367CDAAC159A9712002DF18B /* PBXContainerItemProxy */;
			sourceTree = BUILT_PRODUCTS_DIR;
		};
		367CDAAF159A9712002DF18B /* libChipmunk.a */ = {
			isa = PBXReferenceProxy;
			fileType = archive.ar;
			path = libChipmunk.a;
			remoteRef = 367CDAAE159A9712002DF18B /* PBXContainerItemProxy */;
			sourceTree = BUILT_PRODUCTS_DIR;
		};
		367CDAB1159A9712002DF18B /* libcocos2d.a */ = {
			isa = PBXReferenceProxy;
			fileType = archive.ar;
			path = libcocos2d.a;
			remoteRef = 367CDAB0159A9712002DF18B /* PBXContainerItemProxy */;
			sourceTree = BUILT_PRODUCTS_DIR;
		};
		367CDAB3159A9712002DF18B /* libcocos2d-documentation.a */ = {
			isa = PBXReferenceProxy;
			fileType = archive.ar;
			path = "libcocos2d-documentation.a";
			remoteRef = 367CDAB2159A9712002DF18B /* PBXContainerItemProxy */;
			sourceTree = BUILT_PRODUCTS_DIR;
		};
		367CDAB5159A9712002DF18B /* libCocosDenshion.a */ = {
			isa = PBXReferenceProxy;
			fileType = archive.ar;
			path = libCocosDenshion.a;
			remoteRef = 367CDAB4159A9712002DF18B /* PBXContainerItemProxy */;
			sourceTree = BUILT_PRODUCTS_DIR;
		};
		367CDAB7159A9712002DF18B /* libkazmath.a */ = {
			isa = PBXReferenceProxy;
			fileType = archive.ar;
			path = libkazmath.a;
			remoteRef = 367CDAB6159A9712002DF18B /* PBXContainerItemProxy */;
			sourceTree = BUILT_PRODUCTS_DIR;
		};
		367CDAB9159A9712002DF18B /* liblibpng.a */ = {
			isa = PBXReferenceProxy;
			fileType = archive.ar;
			path = liblibpng.a;
			remoteRef = 367CDAB8159A9712002DF18B /* PBXContainerItemProxy */;
			sourceTree = BUILT_PRODUCTS_DIR;
		};
		367CDABB159A9712002DF18B /* ActionManagerTest.app */ = {
			isa = PBXReferenceProxy;
			fileType = wrapper.application;
			path = ActionManagerTest.app;
			remoteRef = 367CDABA159A9712002DF18B /* PBXContainerItemProxy */;
			sourceTree = BUILT_PRODUCTS_DIR;
		};
		367CDABD159A9712002DF18B /* ActionsTest.app */ = {
			isa = PBXReferenceProxy;
			fileType = wrapper.application;
			path = ActionsTest.app;
			remoteRef = 367CDABC159A9712002DF18B /* PBXContainerItemProxy */;
			sourceTree = BUILT_PRODUCTS_DIR;
		};
		367CDABF159A9712002DF18B /* ActionsWithBlocksSample.app */ = {
			isa = PBXReferenceProxy;
			fileType = wrapper.application;
			path = ActionsWithBlocksSample.app;
			remoteRef = 367CDABE159A9712002DF18B /* PBXContainerItemProxy */;
			sourceTree = BUILT_PRODUCTS_DIR;
		};
		367CDAC1159A9712002DF18B /* AttachTest.app */ = {
			isa = PBXReferenceProxy;
			fileType = wrapper.application;
			path = AttachTest.app;
			remoteRef = 367CDAC0159A9712002DF18B /* PBXContainerItemProxy */;
			sourceTree = BUILT_PRODUCTS_DIR;
		};
		367CDAC3159A9712002DF18B /* Box2dAccelTouchTest.app */ = {
			isa = PBXReferenceProxy;
			fileType = wrapper.application;
			path = Box2dAccelTouchTest.app;
			remoteRef = 367CDAC2159A9712002DF18B /* PBXContainerItemProxy */;
			sourceTree = BUILT_PRODUCTS_DIR;
		};
		367CDAC5159A9712002DF18B /* Box2dTestBed.app */ = {
			isa = PBXReferenceProxy;
			fileType = wrapper.application;
			path = Box2dTestBed.app;
			remoteRef = 367CDAC4159A9712002DF18B /* PBXContainerItemProxy */;
			sourceTree = BUILT_PRODUCTS_DIR;
		};
		367CDAC7159A9712002DF18B /* ChipmunkAccelTouchTest.app */ = {
			isa = PBXReferenceProxy;
			fileType = wrapper.application;
			path = ChipmunkAccelTouchTest.app;
			remoteRef = 367CDAC6159A9712002DF18B /* PBXContainerItemProxy */;
			sourceTree = BUILT_PRODUCTS_DIR;
		};
		367CDAC9159A9712002DF18B /* ClickAndMoveTest.app */ = {
			isa = PBXReferenceProxy;
			fileType = wrapper.application;
			path = ClickAndMoveTest.app;
			remoteRef = 367CDAC8159A9712002DF18B /* PBXContainerItemProxy */;
			sourceTree = BUILT_PRODUCTS_DIR;
		};
		367CDACB159A9712002DF18B /* CocosDenshion - Tom The Turret.app */ = {
			isa = PBXReferenceProxy;
			fileType = wrapper.application;
			path = "CocosDenshion - Tom The Turret.app";
			remoteRef = 367CDACA159A9712002DF18B /* PBXContainerItemProxy */;
			sourceTree = BUILT_PRODUCTS_DIR;
		};
		367CDACD159A9712002DF18B /* CocosDenshion - Drum Pad.app */ = {
			isa = PBXReferenceProxy;
			fileType = wrapper.application;
			path = "CocosDenshion - Drum Pad.app";
			remoteRef = 367CDACC159A9712002DF18B /* PBXContainerItemProxy */;
			sourceTree = BUILT_PRODUCTS_DIR;
		};
		367CDACF159A9712002DF18B /* CocosDenshion - Fade To Grey.app */ = {
			isa = PBXReferenceProxy;
			fileType = wrapper.application;
			path = "CocosDenshion - Fade To Grey.app";
			remoteRef = 367CDACE159A9712002DF18B /* PBXContainerItemProxy */;
			sourceTree = BUILT_PRODUCTS_DIR;
		};
		367CDAD1159A9712002DF18B /* CocosDenshion - FancyRat Metering Demo.app */ = {
			isa = PBXReferenceProxy;
			fileType = wrapper.application;
			path = "CocosDenshion - FancyRat Metering Demo.app";
			remoteRef = 367CDAD0159A9712002DF18B /* PBXContainerItemProxy */;
			sourceTree = BUILT_PRODUCTS_DIR;
		};
		367CDAD3159A9712002DF18B /* DirectorTest.app */ = {
			isa = PBXReferenceProxy;
			fileType = wrapper.application;
			path = DirectorTest.app;
			remoteRef = 367CDAD2159A9712002DF18B /* PBXContainerItemProxy */;
			sourceTree = BUILT_PRODUCTS_DIR;
		};
		367CDAD5159A9712002DF18B /* drawPrimitivesTest.app */ = {
			isa = PBXReferenceProxy;
			fileType = wrapper.application;
			path = drawPrimitivesTest.app;
			remoteRef = 367CDAD4159A9712002DF18B /* PBXContainerItemProxy */;
			sourceTree = BUILT_PRODUCTS_DIR;
		};
		367CDAD7159A9712002DF18B /* EAGLViewTest.app */ = {
			isa = PBXReferenceProxy;
			fileType = wrapper.application;
			path = EAGLViewTest.app;
			remoteRef = 367CDAD6159A9712002DF18B /* PBXContainerItemProxy */;
			sourceTree = BUILT_PRODUCTS_DIR;
		};
		367CDAD9159A9712002DF18B /* ActionsEaseTest.app */ = {
			isa = PBXReferenceProxy;
			fileType = wrapper.application;
			path = ActionsEaseTest.app;
			remoteRef = 367CDAD8159A9712002DF18B /* PBXContainerItemProxy */;
			sourceTree = BUILT_PRODUCTS_DIR;
		};
		367CDADB159A9712002DF18B /* EffectsTest.app */ = {
			isa = PBXReferenceProxy;
			fileType = wrapper.application;
			path = EffectsTest.app;
			remoteRef = 367CDADA159A9712002DF18B /* PBXContainerItemProxy */;
			sourceTree = BUILT_PRODUCTS_DIR;
		};
		367CDADD159A9712002DF18B /* EffectsAdvancedTest.app */ = {
			isa = PBXReferenceProxy;
			fileType = wrapper.application;
			path = EffectsAdvancedTest.app;
			remoteRef = 367CDADC159A9712002DF18B /* PBXContainerItemProxy */;
			sourceTree = BUILT_PRODUCTS_DIR;
		};
		367CDADF159A9712002DF18B /* FileUtilsTest.app */ = {
			isa = PBXReferenceProxy;
			fileType = wrapper.application;
			path = FileUtilsTest.app;
			remoteRef = 367CDADE159A9712002DF18B /* PBXContainerItemProxy */;
			sourceTree = BUILT_PRODUCTS_DIR;
		};
		367CDAE1159A9712002DF18B /* FontTest.app */ = {
			isa = PBXReferenceProxy;
			fileType = wrapper.application;
			path = FontTest.app;
			remoteRef = 367CDAE0159A9712002DF18B /* PBXContainerItemProxy */;
			sourceTree = BUILT_PRODUCTS_DIR;
		};
		367CDAE3159A9712002DF18B /* IntervalTest.app */ = {
			isa = PBXReferenceProxy;
			fileType = wrapper.application;
			path = IntervalTest.app;
			remoteRef = 367CDAE2159A9712002DF18B /* PBXContainerItemProxy */;
			sourceTree = BUILT_PRODUCTS_DIR;
		};
		367CDAE5159A9712002DF18B /* LabelTest.app */ = {
			isa = PBXReferenceProxy;
			fileType = wrapper.application;
			path = LabelTest.app;
			remoteRef = 367CDAE4159A9712002DF18B /* PBXContainerItemProxy */;
			sourceTree = BUILT_PRODUCTS_DIR;
		};
		367CDAE7159A9712002DF18B /* LayerTest.app */ = {
			isa = PBXReferenceProxy;
			fileType = wrapper.application;
			path = LayerTest.app;
			remoteRef = 367CDAE6159A9712002DF18B /* PBXContainerItemProxy */;
			sourceTree = BUILT_PRODUCTS_DIR;
		};
		367CDAE9159A9712002DF18B /* MenuTest.app */ = {
			isa = PBXReferenceProxy;
			fileType = wrapper.application;
			path = MenuTest.app;
			remoteRef = 367CDAE8159A9712002DF18B /* PBXContainerItemProxy */;
			sourceTree = BUILT_PRODUCTS_DIR;
		};
		367CDAEB159A9712002DF18B /* MotionStreakTest.app */ = {
			isa = PBXReferenceProxy;
			fileType = wrapper.application;
			path = MotionStreakTest.app;
			remoteRef = 367CDAEA159A9712002DF18B /* PBXContainerItemProxy */;
			sourceTree = BUILT_PRODUCTS_DIR;
		};
		367CDAED159A9712002DF18B /* MultithreadTest.app */ = {
			isa = PBXReferenceProxy;
			fileType = wrapper.application;
			path = MultithreadTest.app;
			remoteRef = 367CDAEC159A9712002DF18B /* PBXContainerItemProxy */;
			sourceTree = BUILT_PRODUCTS_DIR;
		};
		367CDAEF159A9712002DF18B /* cocosnodeTest.app */ = {
			isa = PBXReferenceProxy;
			fileType = wrapper.application;
			path = cocosnodeTest.app;
			remoteRef = 367CDAEE159A9712002DF18B /* PBXContainerItemProxy */;
			sourceTree = BUILT_PRODUCTS_DIR;
		};
		367CDAF1159A9712002DF18B /* ParallaxTest.app */ = {
			isa = PBXReferenceProxy;
			fileType = wrapper.application;
			path = ParallaxTest.app;
			remoteRef = 367CDAF0159A9712002DF18B /* PBXContainerItemProxy */;
			sourceTree = BUILT_PRODUCTS_DIR;
		};
		367CDAF3159A9712002DF18B /* ParticleTest.app */ = {
			isa = PBXReferenceProxy;
			fileType = wrapper.application;
			path = ParticleTest.app;
			remoteRef = 367CDAF2159A9712002DF18B /* PBXContainerItemProxy */;
			sourceTree = BUILT_PRODUCTS_DIR;
		};
		367CDAF5159A9712002DF18B /* ActionsProgressTest.app */ = {
			isa = PBXReferenceProxy;
			fileType = wrapper.application;
			path = ActionsProgressTest.app;
			remoteRef = 367CDAF4159A9712002DF18B /* PBXContainerItemProxy */;
			sourceTree = BUILT_PRODUCTS_DIR;
		};
		367CDAF7159A9712002DF18B /* RenderTextureTest.app */ = {
			isa = PBXReferenceProxy;
			fileType = wrapper.application;
			path = RenderTextureTest.app;
			remoteRef = 367CDAF6159A9712002DF18B /* PBXContainerItemProxy */;
			sourceTree = BUILT_PRODUCTS_DIR;
		};
		367CDAF9159A9712002DF18B /* RotateWorldTest.app */ = {
			isa = PBXReferenceProxy;
			fileType = wrapper.application;
			path = RotateWorldTest.app;
			remoteRef = 367CDAF8159A9712002DF18B /* PBXContainerItemProxy */;
			sourceTree = BUILT_PRODUCTS_DIR;
		};
		367CDAFB159A9712002DF18B /* SceneTest.app */ = {
			isa = PBXReferenceProxy;
			fileType = wrapper.application;
			path = SceneTest.app;
			remoteRef = 367CDAFA159A9712002DF18B /* PBXContainerItemProxy */;
			sourceTree = BUILT_PRODUCTS_DIR;
		};
		367CDAFD159A9712002DF18B /* SchedulerTest.app */ = {
			isa = PBXReferenceProxy;
			fileType = wrapper.application;
			path = SchedulerTest.app;
			remoteRef = 367CDAFC159A9712002DF18B /* PBXContainerItemProxy */;
			sourceTree = BUILT_PRODUCTS_DIR;
		};
		367CDAFF159A9712002DF18B /* ShaderTest.app */ = {
			isa = PBXReferenceProxy;
			fileType = wrapper.application;
			path = ShaderTest.app;
			remoteRef = 367CDAFE159A9712002DF18B /* PBXContainerItemProxy */;
			sourceTree = BUILT_PRODUCTS_DIR;
		};
		367CDB01159A9712002DF18B /* SpriteTest.app */ = {
			isa = PBXReferenceProxy;
			fileType = wrapper.application;
			path = SpriteTest.app;
			remoteRef = 367CDB00159A9712002DF18B /* PBXContainerItemProxy */;
			sourceTree = BUILT_PRODUCTS_DIR;
		};
		367CDB03159A9712002DF18B /* Texture2dTest.app */ = {
			isa = PBXReferenceProxy;
			fileType = wrapper.application;
			path = Texture2dTest.app;
			remoteRef = 367CDB02159A9712002DF18B /* PBXContainerItemProxy */;
			sourceTree = BUILT_PRODUCTS_DIR;
		};
		367CDB05159A9712002DF18B /* TileMapTest.app */ = {
			isa = PBXReferenceProxy;
			fileType = wrapper.application;
			path = TileMapTest.app;
			remoteRef = 367CDB04159A9712002DF18B /* PBXContainerItemProxy */;
			sourceTree = BUILT_PRODUCTS_DIR;
		};
		367CDB07159A9712002DF18B /* TouchesTest.app */ = {
			isa = PBXReferenceProxy;
			fileType = wrapper.application;
			path = TouchesTest.app;
			remoteRef = 367CDB06159A9712002DF18B /* PBXContainerItemProxy */;
			sourceTree = BUILT_PRODUCTS_DIR;
		};
		367CDB09159A9712002DF18B /* TransitionsTest.app */ = {
			isa = PBXReferenceProxy;
			fileType = wrapper.application;
			path = TransitionsTest.app;
			remoteRef = 367CDB08159A9712002DF18B /* PBXContainerItemProxy */;
			sourceTree = BUILT_PRODUCTS_DIR;
		};
		367CDB0B159A9712002DF18B /* ZwoptexTest.app */ = {
			isa = PBXReferenceProxy;
			fileType = wrapper.application;
			path = ZwoptexTest.app;
			remoteRef = 367CDB0A159A9712002DF18B /* PBXContainerItemProxy */;
			sourceTree = BUILT_PRODUCTS_DIR;
		};
		367CDB0D159A9712002DF18B /* Bug350.app */ = {
			isa = PBXReferenceProxy;
			fileType = wrapper.application;
			path = Bug350.app;
			remoteRef = 367CDB0C159A9712002DF18B /* PBXContainerItemProxy */;
			sourceTree = BUILT_PRODUCTS_DIR;
		};
		367CDB0F159A9712002DF18B /* Bug422.app */ = {
			isa = PBXReferenceProxy;
			fileType = wrapper.application;
			path = Bug422.app;
			remoteRef = 367CDB0E159A9712002DF18B /* PBXContainerItemProxy */;
			sourceTree = BUILT_PRODUCTS_DIR;
		};
		367CDB11159A9712002DF18B /* Bug458.app */ = {
			isa = PBXReferenceProxy;
			fileType = wrapper.application;
			path = Bug458.app;
			remoteRef = 367CDB10159A9712002DF18B /* PBXContainerItemProxy */;
			sourceTree = BUILT_PRODUCTS_DIR;
		};
		367CDB13159A9712002DF18B /* Bug624.app */ = {
			isa = PBXReferenceProxy;
			fileType = wrapper.application;
			path = Bug624.app;
			remoteRef = 367CDB12159A9712002DF18B /* PBXContainerItemProxy */;
			sourceTree = BUILT_PRODUCTS_DIR;
		};
		367CDB15159A9712002DF18B /* Bug886.app */ = {
			isa = PBXReferenceProxy;
			fileType = wrapper.application;
			path = Bug886.app;
			remoteRef = 367CDB14159A9712002DF18B /* PBXContainerItemProxy */;
			sourceTree = BUILT_PRODUCTS_DIR;
		};
		367CDB17159A9712002DF18B /* Bug899.app */ = {
			isa = PBXReferenceProxy;
			fileType = wrapper.application;
			path = Bug899.app;
			remoteRef = 367CDB16159A9712002DF18B /* PBXContainerItemProxy */;
			sourceTree = BUILT_PRODUCTS_DIR;
		};
		367CDB19159A9712002DF18B /* Bug914.app */ = {
			isa = PBXReferenceProxy;
			fileType = wrapper.application;
			path = Bug914.app;
			remoteRef = 367CDB18159A9712002DF18B /* PBXContainerItemProxy */;
			sourceTree = BUILT_PRODUCTS_DIR;
		};
		367CDB1B159A9712002DF18B /* Bug1159.app */ = {
			isa = PBXReferenceProxy;
			fileType = wrapper.application;
			path = Bug1159.app;
			remoteRef = 367CDB1A159A9712002DF18B /* PBXContainerItemProxy */;
			sourceTree = BUILT_PRODUCTS_DIR;
		};
/* End PBXReferenceProxy section */

/* Begin PBXResourcesBuildPhase section */
		367EC2DA133A4780003F7FF0 /* Resources */ = {
			isa = PBXResourcesBuildPhase;
			buildActionMask = 2147483647;
			files = (
				367EC2F5133A4782003F7FF0 /* fps_images.png in Resources */,
				367EC2F7133A4782003F7FF0 /* Icon-72.png in Resources */,
				367EC2F9133A4782003F7FF0 /* Icon-Small-50.png in Resources */,
				367EC2FB133A4782003F7FF0 /* Icon-Small.png in Resources */,
				367EC2FD133A4782003F7FF0 /* Icon-Small@2x.png in Resources */,
				367EC2FF133A4782003F7FF0 /* Icon.png in Resources */,
				367EC301133A4782003F7FF0 /* Icon@2x.png in Resources */,
				367EC304133A4782003F7FF0 /* iTunesArtwork in Resources */,
				367EC49A133A4785003F7FF0 /* grossini_dance_atlas.png in Resources */,
				36D20CFB13456A65007BE614 /* dog.png in Resources */,
				36D20CFC13456A65007BE614 /* dog-back.png in Resources */,
				36D20CFD13456A65007BE614 /* dog-front.png in Resources */,
				36D20CFE13456A65007BE614 /* elephant-back.png in Resources */,
				36D20CFF13456A65007BE614 /* elephant-front.png in Resources */,
				36D20D0013456A65007BE614 /* elephant.png in Resources */,
				36D20D0213456AA2007BE614 /* paper.png in Resources */,
				36D20D0413456BE4007BE614 /* ArialNarrow.ttf in Resources */,
				368006011375AC8C00F6603F /* barks2.wav in Resources */,
				368006021375AC8C00F6603F /* elephant2.wav in Resources */,
				368006751375B37F00F6603F /* arrow.png in Resources */,
				3680067A137601DD00F6603F /* Olde Timey.mp3 in Resources */,
				367DFB22137798570088FD67 /* glock__c2.wav in Resources */,
				367DFB23137798570088FD67 /* glock__e1.wav in Resources */,
				367DFB24137798570088FD67 /* glock__g1.wav in Resources */,
				36EDC49513838E7D00B77975 /* foot_sealion_back.png in Resources */,
				36EDC49613838E7D00B77975 /* foot_sealion_body.png in Resources */,
				36EDC49713838E7D00B77975 /* foot_sealion_front.png in Resources */,
				36EDC49A13838F0900B77975 /* sealion2.wav in Resources */,
				36F9BE91154AE6B000059C14 /* Entitlements.plist in Resources */,
				361506F41594C9A7000F46D9 /* savannah.png in Resources */,
				361506F71594C9BC000F46D9 /* tropical.png in Resources */,
				361506FA1594C9DA000F46D9 /* arctic.png in Resources */,
				361506FF1594CA39000F46D9 /* elephant_bottom.png in Resources */,
				361507001594CA39000F46D9 /* elephant_top.png in Resources */,
				3615070A1594CD37000F46D9 /* penguin_bottom.png in Resources */,
				3615070B1594CD37000F46D9 /* penguin_top.png in Resources */,
				361507111594CD61000F46D9 /* lion_bottom.png in Resources */,
				361507121594CD61000F46D9 /* lion_top.png in Resources */,
				364B025E159B60870054E69A /* Animal-Lion.plist in Resources */,
				364B0260159B60B40054E69A /* Animal-Penguin.plist in Resources */,
				364B0262159B60EA0054E69A /* Animal-Elephant.plist in Resources */,
				364B0264159B614D0054E69A /* Environment-Savannah.plist in Resources */,
				364B0266159B61600054E69A /* Environment-Tropical.plist in Resources */,
				364B0268159B616F0054E69A /* Environment-Arctic.plist in Resources */,
			);
			runOnlyForDeploymentPostprocessing = 0;
		};
/* End PBXResourcesBuildPhase section */

/* Begin PBXSourcesBuildPhase section */
		367EC2D8133A4780003F7FF0 /* Sources */ = {
			isa = PBXSourcesBuildPhase;
			buildActionMask = 2147483647;
			files = (
				367EC48E133A4785003F7FF0 /* main.m in Sources */,
				367EC491133A4785003F7FF0 /* AppDelegate.m in Sources */,
				367EC494133A4785003F7FF0 /* RootViewController.m in Sources */,
				36A92CD2133C6D48004DFEFC /* AnimalViewLayer.m in Sources */,
				36A92CE3133D038F004DFEFC /* AnimalPart.m in Sources */,
				36A92CE6133E8C5B004DFEFC /* AnimalPartRepository.m in Sources */,
				36A92CE9133ED436004DFEFC /* Animal.m in Sources */,
				36A92CF4133EF753004DFEFC /* AnchorPoint.m in Sources */,
				368006731375ADF900F6603F /* SoundManager.m in Sources */,
				364B046D159FD61F0054E69A /* EnvironmentLayer.m in Sources */,
				364B067B15A2CB650054E69A /* EnvironmentRepository.m in Sources */,
				364B077715A50E510054E69A /* BaseRepository.m in Sources */,
			);
			runOnlyForDeploymentPostprocessing = 0;
		};
/* End PBXSourcesBuildPhase section */

/* Begin PBXTargetDependency section */
		364B067715A2BFED0054E69A /* PBXTargetDependency */ = {
			isa = PBXTargetDependency;
			name = Lua;
			targetProxy = 364B067615A2BFED0054E69A /* PBXContainerItemProxy */;
		};
		367CDB1D159A9AAA002DF18B /* PBXTargetDependency */ = {
			isa = PBXTargetDependency;
			name = Chipmunk;
			targetProxy = 367CDB1C159A9AAA002DF18B /* PBXContainerItemProxy */;
		};
		367CDB1F159A9AAA002DF18B /* PBXTargetDependency */ = {
			isa = PBXTargetDependency;
			name = cocos2d;
			targetProxy = 367CDB1E159A9AAA002DF18B /* PBXContainerItemProxy */;
		};
		367CDB21159A9AAA002DF18B /* PBXTargetDependency */ = {
			isa = PBXTargetDependency;
			name = CocosDenshion;
			targetProxy = 367CDB20159A9AAA002DF18B /* PBXContainerItemProxy */;
		};
/* End PBXTargetDependency section */

/* Begin XCBuildConfiguration section */
		367EC49B133A4785003F7FF0 /* Debug */ = {
			isa = XCBuildConfiguration;
			buildSettings = {
				ARCHS = "$(ARCHS_STANDARD_32_BIT)";
				CODE_SIGN_IDENTITY = "iPhone Developer";
				"CODE_SIGN_IDENTITY[sdk=iphoneos*]" = "iPhone Developer";
				GCC_C_LANGUAGE_STANDARD = gnu99;
				GCC_OPTIMIZATION_LEVEL = 0;
				GCC_PREPROCESSOR_DEFINITIONS = (
					DEBUG,
					"COCOS2D_DEBUG=1",
				);
				GCC_SYMBOLS_PRIVATE_EXTERN = NO;
				GCC_VERSION = com.apple.compilers.llvm.clang.1_0;
				GCC_WARN_ABOUT_RETURN_TYPE = YES;
				GCC_WARN_UNUSED_VARIABLE = YES;
				IPHONEOS_DEPLOYMENT_TARGET = 4.0;
				PROVISIONING_PROFILE = "";
				"PROVISIONING_PROFILE[sdk=iphoneos*]" = "";
				SDKROOT = iphoneos;
			};
			name = Debug;
		};
		367EC49C133A4785003F7FF0 /* Release */ = {
			isa = XCBuildConfiguration;
			buildSettings = {
				ARCHS = "$(ARCHS_STANDARD_32_BIT)";
				CODE_SIGN_IDENTITY = "iPhone Developer";
				"CODE_SIGN_IDENTITY[sdk=iphoneos*]" = "iPhone Developer";
				GCC_C_LANGUAGE_STANDARD = gnu99;
				GCC_PREPROCESSOR_DEFINITIONS = NDEBUG;
				GCC_VERSION = com.apple.compilers.llvm.clang.1_0;
				GCC_WARN_ABOUT_RETURN_TYPE = YES;
				GCC_WARN_UNUSED_VARIABLE = YES;
				IPHONEOS_DEPLOYMENT_TARGET = 4.0;
				OTHER_CFLAGS = "-DNS_BLOCK_ASSERTIONS=1";
				PROVISIONING_PROFILE = "";
				"PROVISIONING_PROFILE[sdk=iphoneos*]" = "";
				SDKROOT = iphoneos;
			};
			name = Release;
		};
		367EC49E133A4785003F7FF0 /* Debug */ = {
			isa = XCBuildConfiguration;
			buildSettings = {
				ALWAYS_SEARCH_USER_PATHS = YES;
				CODE_SIGN_IDENTITY = "iPhone Developer";
				"CODE_SIGN_IDENTITY[sdk=iphoneos*]" = "iPhone Developer";
				COPY_PHASE_STRIP = NO;
				GCC_DYNAMIC_NO_PIC = NO;
				GCC_PRECOMPILE_PREFIX_HEADER = YES;
				GCC_PREFIX_HEADER = FootGame/Prefix.pch;
				"GCC_THUMB_SUPPORT[arch=armv6]" = "";
				INFOPLIST_FILE = FootGame/Resources/Info.plist;
				IPHONEOS_DEPLOYMENT_TARGET = 4.0;
				LIBRARY_SEARCH_PATHS = (
					"$(inherited)",
					"\"$(SRCROOT)/FootGame\"",
				);
				OTHER_LDFLAGS = "-lz";
				PRODUCT_NAME = "$(TARGET_NAME)";
				PROVISIONING_PROFILE = "";
				"PROVISIONING_PROFILE[sdk=iphoneos*]" = "";
				SKIP_INSTALL = NO;
				TARGETED_DEVICE_FAMILY = "1,2";
				USER_HEADER_SEARCH_PATHS = "/Users/orichen/Documents/code/alchemist/cocos2d-iphone-2.0-rc2/** /Users/orichen/Documents/code/alchemist/lua-5.2.1/src/**";
				WRAPPER_EXTENSION = app;
			};
			name = Debug;
		};
		367EC49F133A4785003F7FF0 /* Release */ = {
			isa = XCBuildConfiguration;
			buildSettings = {
				ALWAYS_SEARCH_USER_PATHS = YES;
				CODE_SIGN_IDENTITY = "iPhone Developer";
				"CODE_SIGN_IDENTITY[sdk=iphoneos*]" = "iPhone Developer";
				COPY_PHASE_STRIP = YES;
				GCC_PRECOMPILE_PREFIX_HEADER = YES;
				GCC_PREFIX_HEADER = FootGame/Prefix.pch;
				"GCC_THUMB_SUPPORT[arch=armv6]" = "";
				INFOPLIST_FILE = FootGame/Resources/Info.plist;
				IPHONEOS_DEPLOYMENT_TARGET = 4.0;
				LIBRARY_SEARCH_PATHS = (
					"$(inherited)",
					"\"$(SRCROOT)/FootGame\"",
				);
				OTHER_LDFLAGS = "-lz";
				PRODUCT_NAME = "$(TARGET_NAME)";
				PROVISIONING_PROFILE = "";
				"PROVISIONING_PROFILE[sdk=iphoneos*]" = "";
				SKIP_INSTALL = NO;
				TARGETED_DEVICE_FAMILY = "1,2";
				USER_HEADER_SEARCH_PATHS = "/Users/orichen/Documents/code/alchemist/cocos2d-iphone-2.0-rc2/** /Users/orichen/Documents/code/alchemist/lua-5.2.1/src/**";
				VALIDATE_PRODUCT = YES;
				WRAPPER_EXTENSION = app;
			};
			name = Release;
		};
/* End XCBuildConfiguration section */

/* Begin XCConfigurationList section */
		367EC2D6133A4780003F7FF0 /* Build configuration list for PBXProject "FootGame" */ = {
			isa = XCConfigurationList;
			buildConfigurations = (
				367EC49B133A4785003F7FF0 /* Debug */,
				367EC49C133A4785003F7FF0 /* Release */,
			);
			defaultConfigurationIsVisible = 0;
			defaultConfigurationName = Release;
		};
		367EC49D133A4785003F7FF0 /* Build configuration list for PBXNativeTarget "FootGame" */ = {
			isa = XCConfigurationList;
			buildConfigurations = (
				367EC49E133A4785003F7FF0 /* Debug */,
				367EC49F133A4785003F7FF0 /* Release */,
			);
			defaultConfigurationIsVisible = 0;
			defaultConfigurationName = Release;
		};
/* End XCConfigurationList section */
	};
	rootObject = 367EC2D3133A4780003F7FF0 /* Project object */;
}
